// !$*UTF8*$!
{
	archiveVersion = 1;
	classes = {
	};
	objectVersion = 46;
	objects = {

/* Begin PBXBuildFile section */
		06E48C27A493F8197667DF35 /* Pods_ShareAndSki.framework in Frameworks */ = {isa = PBXBuildFile; fileRef = 8895A3C9C413E5B7546E73A1 /* Pods_ShareAndSki.framework */; };
		7B87E81E224AB901004C90D6 /* Assets.xcassets in Resources */ = {isa = PBXBuildFile; fileRef = 7B87E81D224AB901004C90D6 /* Assets.xcassets */; };
		7BD62319224AAC940099FEE5 /* Localizable.strings in Resources */ = {isa = PBXBuildFile; fileRef = 7BD62317224AAC940099FEE5 /* Localizable.strings */; };
		7BFD5EF3225FA841009300A3 /* ShareAndSkiTests.swift in Sources */ = {isa = PBXBuildFile; fileRef = 7BFD5EF2225FA841009300A3 /* ShareAndSkiTests.swift */; };
		8C7AA01BA273A5A187C02A3B /* FriendFetcherService.swift in Sources */ = {isa = PBXBuildFile; fileRef = 8C7AAFB1B9219AA4FCF29068 /* FriendFetcherService.swift */; };
		8C7AA0365DDEFD8DE4A62955 /* UserDetailsViewController.swift in Sources */ = {isa = PBXBuildFile; fileRef = 8C7AA64F22D35895DB901050 /* UserDetailsViewController.swift */; };
		8C7AA0687234209E0F34D40D /* PhoneNumberView.swift in Sources */ = {isa = PBXBuildFile; fileRef = 8C7AAFE213218F7BDD514093 /* PhoneNumberView.swift */; };
		8C7AA068B06997FC4CBE5E8B /* Position.swift in Sources */ = {isa = PBXBuildFile; fileRef = 8C7AAAC96D269EA687818DEC /* Position.swift */; };
		8C7AA0B1835B9454C47CF661 /* String+Localizable.swift in Sources */ = {isa = PBXBuildFile; fileRef = 8C7AA28B0F5B339A9BA195A6 /* String+Localizable.swift */; };
		8C7AA0E6E8183145CEA36763 /* FriendsViewModel.swift in Sources */ = {isa = PBXBuildFile; fileRef = 8C7AAB74064DC08700EF7019 /* FriendsViewModel.swift */; };
		8C7AA126DC61FB6C3C369A2A /* UserDetailsView.swift in Sources */ = {isa = PBXBuildFile; fileRef = 8C7AAD68DB9F1CFA5F211F8D /* UserDetailsView.swift */; };
		8C7AA13743B8BF5DFE9FCE86 /* LoginService.swift in Sources */ = {isa = PBXBuildFile; fileRef = 8C7AAFEA507E4CAB8385D04E /* LoginService.swift */; };
		8C7AA1602A62FCBBD13EF4BF /* FriendAnnotation.swift in Sources */ = {isa = PBXBuildFile; fileRef = 8C7AA95F409697B25FF94DF0 /* FriendAnnotation.swift */; };
		8C7AA178F0B1DAD1295DE3DD /* UpdateLocationRepository.swift in Sources */ = {isa = PBXBuildFile; fileRef = 8C7AA8EBB069F0F68FEA2AB9 /* UpdateLocationRepository.swift */; };
		8C7AA1B5386A58DF1B639E36 /* CreateGroupViewController.swift in Sources */ = {isa = PBXBuildFile; fileRef = 8C7AAE3B33BC886B5CBCE62B /* CreateGroupViewController.swift */; };
		8C7AA1E1EBD36C55C313B383 /* SmsCodeViewController.swift in Sources */ = {isa = PBXBuildFile; fileRef = 8C7AA315333A8F66A681C43A /* SmsCodeViewController.swift */; };
		8C7AA1F94F58070E0F62AB1B /* LocationUpdaterService.swift in Sources */ = {isa = PBXBuildFile; fileRef = 8C7AAF25CA02C282C2F98EAD /* LocationUpdaterService.swift */; };
		8C7AA2185CFCC3284130356A /* MainFlowController.swift in Sources */ = {isa = PBXBuildFile; fileRef = 8C7AA2440CB5E51073093316 /* MainFlowController.swift */; };
		8C7AA28FBCB9FC1340E0820C /* PhoneNumberViewModel.swift in Sources */ = {isa = PBXBuildFile; fileRef = 8C7AAA2AD7343BC20E4B0AA1 /* PhoneNumberViewModel.swift */; };
		8C7AA2DDEC8F38C529E85B51 /* CreateGroupView.swift in Sources */ = {isa = PBXBuildFile; fileRef = 8C7AA60FC9FA65176DF09E1C /* CreateGroupView.swift */; };
		8C7AA3266023368BFE477A97 /* UIView.swift in Sources */ = {isa = PBXBuildFile; fileRef = 8C7AADBDFAFAE95A0A08601F /* UIView.swift */; };
		8C7AA35AF362938B4B296977 /* NetworkManager.swift in Sources */ = {isa = PBXBuildFile; fileRef = 8C7AA1C119279E7744FC2653 /* NetworkManager.swift */; };
		8C7AA3E3B3C6DB54E89B2D9A /* SharingFriendsView.swift in Sources */ = {isa = PBXBuildFile; fileRef = 8C7AACB701026D06046E457E /* SharingFriendsView.swift */; };
		8C7AA448F261B565451FB1FE /* UserWithToken.swift in Sources */ = {isa = PBXBuildFile; fileRef = 8C7AA66485F73E105A9CFE0E /* UserWithToken.swift */; };
		8C7AA4715FEB6E863F350188 /* RoundedButton.swift in Sources */ = {isa = PBXBuildFile; fileRef = 8C7AA2BF1E44041C3BD9C48B /* RoundedButton.swift */; };
		8C7AA4773C3AD7BC19E7C00F /* Repository.swift in Sources */ = {isa = PBXBuildFile; fileRef = 8C7AAD34777B410029D53EE5 /* Repository.swift */; };
		8C7AA574B35E9C57B0FBA2A4 /* MapFlowController.swift in Sources */ = {isa = PBXBuildFile; fileRef = 8C7AA87B8344E9A11FBEB27B /* MapFlowController.swift */; };
		8C7AA5D87438300677A5CCCF /* UserDetailsViewModel.swift in Sources */ = {isa = PBXBuildFile; fileRef = 8C7AA607F7D3BADF7C3C1CF7 /* UserDetailsViewModel.swift */; };
		8C7AA5DFD61883F7E4E05002 /* MapViewController.swift in Sources */ = {isa = PBXBuildFile; fileRef = 8C7AADD65472BB55A47A7ACA /* MapViewController.swift */; };
		8C7AA6141165C682DAA34994 /* DescriptionWithImageView.swift in Sources */ = {isa = PBXBuildFile; fileRef = 8C7AA37CBB0AB7B0940F5BEF /* DescriptionWithImageView.swift */; };
		8C7AA683B06BBE1C80E913E1 /* GroupService.swift in Sources */ = {isa = PBXBuildFile; fileRef = 8C7AAC30DB20C61B8DFAF2E0 /* GroupService.swift */; };
		8C7AA6DF4E26084A16697627 /* FriendsTableViewController.swift in Sources */ = {isa = PBXBuildFile; fileRef = 8C7AA15EE018F02CBE3D94CE /* FriendsTableViewController.swift */; };
		8C7AA6FB2C4BBB2F3144F93E /* CGFloat+sketchSize.swift in Sources */ = {isa = PBXBuildFile; fileRef = 8C7AA24C22187A1536B4E57B /* CGFloat+sketchSize.swift */; };
		8C7AA7F859DBC1E4C0CA40A2 /* Group.swift in Sources */ = {isa = PBXBuildFile; fileRef = 8C7AA43F79CEFF0DA0E69DA8 /* Group.swift */; };
		8C7AA7FC1D808A132DD02DF6 /* SmsCodeView.swift in Sources */ = {isa = PBXBuildFile; fileRef = 8C7AA9B780017F0774D97D39 /* SmsCodeView.swift */; };
		8C7AA83A64924F604AD179A5 /* Int+sketchSize.swift in Sources */ = {isa = PBXBuildFile; fileRef = 8C7AAC565A4A760005925DC8 /* Int+sketchSize.swift */; };
		8C7AA85BA1048FC735192643 /* MapView.swift in Sources */ = {isa = PBXBuildFile; fileRef = 8C7AA2677E5AF2B037C4B253 /* MapView.swift */; };
		8C7AA88F858B6B2220C0F5EE /* SharingFriendsViewController.swift in Sources */ = {isa = PBXBuildFile; fileRef = 8C7AA93A871B4EE68B0197B6 /* SharingFriendsViewController.swift */; };
		8C7AA8B6C1DB61E186F8BE58 /* UserFileSaver.swift in Sources */ = {isa = PBXBuildFile; fileRef = 8C7AAA0A02FDEF2567B70310 /* UserFileSaver.swift */; };
		8C7AA930104156250CF21673 /* Colors.swift in Sources */ = {isa = PBXBuildFile; fileRef = 8C7AA105BBBF27D021683185 /* Colors.swift */; };
		8C7AA933B50BA68CE3A3F242 /* FriendsRepository.swift in Sources */ = {isa = PBXBuildFile; fileRef = 8C7AAFB79D109E3FC854AB46 /* FriendsRepository.swift */; };
		8C7AA9EC5E5AA9EBAFFB6EA8 /* LaunchScreen.storyboard in Resources */ = {isa = PBXBuildFile; fileRef = 8C7AA059830CF7018581F622 /* LaunchScreen.storyboard */; };
		8C7AAA02AC949EF23F4CD17C /* CreateGroupButtonView.swift in Sources */ = {isa = PBXBuildFile; fileRef = 8C7AAFF0F455AA4069D8D5D0 /* CreateGroupButtonView.swift */; };
		8C7AAA275B0D4D4CA17DE707 /* AppDelegate.swift in Sources */ = {isa = PBXBuildFile; fileRef = 8C7AAB486056B4436A8B659B /* AppDelegate.swift */; };
		8C7AAAB70AC4BCF993FB9C51 /* SharingFriendsFloatingPanelLayout.swift in Sources */ = {isa = PBXBuildFile; fileRef = 8C7AA05B26948E6FF708586F /* SharingFriendsFloatingPanelLayout.swift */; };
		8C7AAAD31F0FF4D95E69BB4E /* GroupRepository.swift in Sources */ = {isa = PBXBuildFile; fileRef = 8C7AA17E6C4BC1CBA2882BD5 /* GroupRepository.swift */; };
		8C7AAAE9438350369CDB72B6 /* PhoneNumber.swift in Sources */ = {isa = PBXBuildFile; fileRef = 8C7AA4D6D26E2CAE13717EFE /* PhoneNumber.swift */; };
		8C7AAB12463850EE39A37DA6 /* FriendCellViewModel.swift in Sources */ = {isa = PBXBuildFile; fileRef = 8C7AAE704FD822F809C5F079 /* FriendCellViewModel.swift */; };
		8C7AAB489A97770F0C47B99A /* MainTabViewController.swift in Sources */ = {isa = PBXBuildFile; fileRef = 8C7AAE2C2E5A07DE7D70C6A9 /* MainTabViewController.swift */; };
		8C7AABDFC6806BF74DF8A048 /* UserRepository.swift in Sources */ = {isa = PBXBuildFile; fileRef = 8C7AA03A68E2016C0B9EEB9E /* UserRepository.swift */; };
		8C7AAC339E444BF9F08B2762 /* UIColor.swift in Sources */ = {isa = PBXBuildFile; fileRef = 8C7AA50B475F73EB9E849FE8 /* UIColor.swift */; };
		8C7AAC3A110BFE0C8CFF1781 /* Friend.swift in Sources */ = {isa = PBXBuildFile; fileRef = 8C7AA79BD8FEF7D9AB5217B8 /* Friend.swift */; };
		8C7AAC41E256890FE5AEA15D /* User.swift in Sources */ = {isa = PBXBuildFile; fileRef = 8C7AAFA7F2953C5B6BC55FA4 /* User.swift */; };
		8C7AAC57C56C78AFF578A6CB /* Contact.swift in Sources */ = {isa = PBXBuildFile; fileRef = 8C7AAAD9BD8C62FAAC08993A /* Contact.swift */; };
		8C7AAC9ADA0B96F1D9B5BDDB /* OnboardingFlowController.swift in Sources */ = {isa = PBXBuildFile; fileRef = 8C7AA8CEE9D9F4335AC284E5 /* OnboardingFlowController.swift */; };
		8C7AACC0644BF7FE44B4E618 /* FriendAnnotationView.swift in Sources */ = {isa = PBXBuildFile; fileRef = 8C7AA9C5F64548318BB1E612 /* FriendAnnotationView.swift */; };
		8C7AACC3A5C360DF02BE59B3 /* GroupCellViewModel.swift in Sources */ = {isa = PBXBuildFile; fileRef = 8C7AA987BB4B14B9F1F4E208 /* GroupCellViewModel.swift */; };
		8C7AACC8719A6C8DFB063DC5 /* MapViewModel.swift in Sources */ = {isa = PBXBuildFile; fileRef = 8C7AA4A39C463CA7BCBFB7DA /* MapViewModel.swift */; };
		8C7AAD70DBB21604A0757B9E /* GroupTableViewController.swift in Sources */ = {isa = PBXBuildFile; fileRef = 8C7AAF1067DFFFB0E150BCF3 /* GroupTableViewController.swift */; };
		8C7AAD9EBF57F2BFD2288793 /* CreateGroupViewModel.swift in Sources */ = {isa = PBXBuildFile; fileRef = 8C7AAB9FC0479F6BF4914C57 /* CreateGroupViewModel.swift */; };
		8C7AAE0F505F515AF83122F3 /* PhoneNumberViewController.swift in Sources */ = {isa = PBXBuildFile; fileRef = 8C7AA3B35F9E504E69C56D1E /* PhoneNumberViewController.swift */; };
		8C7AAE341CFB7B22D08BDB98 /* InitialCreator.swift in Sources */ = {isa = PBXBuildFile; fileRef = 8C7AAFDDD9C99E6CEB77D60F /* InitialCreator.swift */; };
		8C7AAE6CD5858CCAA7677B30 /* FriendTableViewCell.swift in Sources */ = {isa = PBXBuildFile; fileRef = 8C7AA66240CB9A6761B4DE4A /* FriendTableViewCell.swift */; };
		8C7AAE79FA3D102CC6DAE8BC /* Token.swift in Sources */ = {isa = PBXBuildFile; fileRef = 8C7AADB0894CDDC866D54804 /* Token.swift */; };
		8C7AAEFA0277F79DCC91202F /* SharingFriendsViewModel.swift in Sources */ = {isa = PBXBuildFile; fileRef = 8C7AA33E76DB635675B4B730 /* SharingFriendsViewModel.swift */; };
		8C7AAF1F8B2CD8FBE6055C76 /* FlowController.swift in Sources */ = {isa = PBXBuildFile; fileRef = 8C7AAE6262780CCE160D8C82 /* FlowController.swift */; };
		8C7AAF348EDF095A44D1EFFE /* InitialCircleView.swift in Sources */ = {isa = PBXBuildFile; fileRef = 8C7AA26363248D94599B7462 /* InitialCircleView.swift */; };
		8C7AAF7D1B0B5E686670D4E4 /* GroupViewModel.swift in Sources */ = {isa = PBXBuildFile; fileRef = 8C7AAC3678DDBA0F931B33BD /* GroupViewModel.swift */; };
		8C7AAFF3046684A89755B78E /* SmsCodeViewModel.swift in Sources */ = {isa = PBXBuildFile; fileRef = 8C7AA44434C679864BB3472F /* SmsCodeViewModel.swift */; };
/* End PBXBuildFile section */

/* Begin PBXContainerItemProxy section */
		7BFD5EF5225FA841009300A3 /* PBXContainerItemProxy */ = {
			isa = PBXContainerItemProxy;
			containerPortal = 8C7AA976471065703E80E37B /* Project object */;
			proxyType = 1;
			remoteGlobalIDString = 8C7AA118519474720DD3566A;
			remoteInfo = ShareAndSki;
		};
/* End PBXContainerItemProxy section */

/* Begin PBXFileReference section */
		7B87E81D224AB901004C90D6 /* Assets.xcassets */ = {isa = PBXFileReference; lastKnownFileType = folder.assetcatalog; path = Assets.xcassets; sourceTree = "<group>"; };
		7BD62309224A8F3A0099FEE5 /* Base */ = {isa = PBXFileReference; lastKnownFileType = file.storyboard; name = Base; path = Base.lproj/LaunchScreen.storyboard; sourceTree = "<group>"; };
		7BD6230E224AABD20099FEE5 /* pl */ = {isa = PBXFileReference; lastKnownFileType = text.plist.strings; name = pl; path = pl.lproj/LaunchScreen.strings; sourceTree = "<group>"; };
		7BD62318224AAC940099FEE5 /* Base */ = {isa = PBXFileReference; lastKnownFileType = text.plist.strings; name = Base; path = Base.lproj/Localizable.strings; sourceTree = "<group>"; };
		7BD6231A224AAC970099FEE5 /* pl */ = {isa = PBXFileReference; lastKnownFileType = text.plist.strings; name = pl; path = pl.lproj/Localizable.strings; sourceTree = "<group>"; };
		7BFD5EF0225FA841009300A3 /* ShareAndSkiTests.xctest */ = {isa = PBXFileReference; explicitFileType = wrapper.cfbundle; includeInIndex = 0; path = ShareAndSkiTests.xctest; sourceTree = BUILT_PRODUCTS_DIR; };
		7BFD5EF2225FA841009300A3 /* ShareAndSkiTests.swift */ = {isa = PBXFileReference; lastKnownFileType = sourcecode.swift; path = ShareAndSkiTests.swift; sourceTree = "<group>"; };
		7BFD5EF4225FA841009300A3 /* Info.plist */ = {isa = PBXFileReference; lastKnownFileType = text.plist.xml; path = Info.plist; sourceTree = "<group>"; };
		8895A3C9C413E5B7546E73A1 /* Pods_ShareAndSki.framework */ = {isa = PBXFileReference; explicitFileType = wrapper.framework; includeInIndex = 0; path = Pods_ShareAndSki.framework; sourceTree = BUILT_PRODUCTS_DIR; };
		8C7AA03A68E2016C0B9EEB9E /* UserRepository.swift */ = {isa = PBXFileReference; fileEncoding = 4; lastKnownFileType = sourcecode.swift; path = UserRepository.swift; sourceTree = "<group>"; };
		8C7AA05B26948E6FF708586F /* SharingFriendsFloatingPanelLayout.swift */ = {isa = PBXFileReference; fileEncoding = 4; lastKnownFileType = sourcecode.swift; path = SharingFriendsFloatingPanelLayout.swift; sourceTree = "<group>"; };
		8C7AA0B824956A903292214B /* ShareAndSki.app */ = {isa = PBXFileReference; explicitFileType = wrapper.application; includeInIndex = 0; path = ShareAndSki.app; sourceTree = BUILT_PRODUCTS_DIR; };
		8C7AA105BBBF27D021683185 /* Colors.swift */ = {isa = PBXFileReference; fileEncoding = 4; lastKnownFileType = sourcecode.swift; path = Colors.swift; sourceTree = "<group>"; };
		8C7AA15EE018F02CBE3D94CE /* FriendsTableViewController.swift */ = {isa = PBXFileReference; fileEncoding = 4; lastKnownFileType = sourcecode.swift; path = FriendsTableViewController.swift; sourceTree = "<group>"; };
		8C7AA17E6C4BC1CBA2882BD5 /* GroupRepository.swift */ = {isa = PBXFileReference; fileEncoding = 4; lastKnownFileType = sourcecode.swift; path = GroupRepository.swift; sourceTree = "<group>"; };
		8C7AA1C119279E7744FC2653 /* NetworkManager.swift */ = {isa = PBXFileReference; fileEncoding = 4; lastKnownFileType = sourcecode.swift; path = NetworkManager.swift; sourceTree = "<group>"; };
		8C7AA2440CB5E51073093316 /* MainFlowController.swift */ = {isa = PBXFileReference; fileEncoding = 4; lastKnownFileType = sourcecode.swift; path = MainFlowController.swift; sourceTree = "<group>"; };
		8C7AA24C22187A1536B4E57B /* CGFloat+sketchSize.swift */ = {isa = PBXFileReference; fileEncoding = 4; lastKnownFileType = sourcecode.swift; path = "CGFloat+sketchSize.swift"; sourceTree = "<group>"; };
		8C7AA26363248D94599B7462 /* InitialCircleView.swift */ = {isa = PBXFileReference; fileEncoding = 4; lastKnownFileType = sourcecode.swift; path = InitialCircleView.swift; sourceTree = "<group>"; };
		8C7AA2677E5AF2B037C4B253 /* MapView.swift */ = {isa = PBXFileReference; fileEncoding = 4; lastKnownFileType = sourcecode.swift; path = MapView.swift; sourceTree = "<group>"; };
		8C7AA28B0F5B339A9BA195A6 /* String+Localizable.swift */ = {isa = PBXFileReference; fileEncoding = 4; lastKnownFileType = sourcecode.swift; path = "String+Localizable.swift"; sourceTree = "<group>"; };
		8C7AA2BF1E44041C3BD9C48B /* RoundedButton.swift */ = {isa = PBXFileReference; fileEncoding = 4; lastKnownFileType = sourcecode.swift; path = RoundedButton.swift; sourceTree = "<group>"; };
		8C7AA315333A8F66A681C43A /* SmsCodeViewController.swift */ = {isa = PBXFileReference; fileEncoding = 4; lastKnownFileType = sourcecode.swift; path = SmsCodeViewController.swift; sourceTree = "<group>"; };
		8C7AA33E76DB635675B4B730 /* SharingFriendsViewModel.swift */ = {isa = PBXFileReference; fileEncoding = 4; lastKnownFileType = sourcecode.swift; path = SharingFriendsViewModel.swift; sourceTree = "<group>"; };
		8C7AA37CBB0AB7B0940F5BEF /* DescriptionWithImageView.swift */ = {isa = PBXFileReference; fileEncoding = 4; lastKnownFileType = sourcecode.swift; path = DescriptionWithImageView.swift; sourceTree = "<group>"; };
		8C7AA3B35F9E504E69C56D1E /* PhoneNumberViewController.swift */ = {isa = PBXFileReference; fileEncoding = 4; lastKnownFileType = sourcecode.swift; path = PhoneNumberViewController.swift; sourceTree = "<group>"; };
		8C7AA43F79CEFF0DA0E69DA8 /* Group.swift */ = {isa = PBXFileReference; fileEncoding = 4; lastKnownFileType = sourcecode.swift; path = Group.swift; sourceTree = "<group>"; };
		8C7AA44434C679864BB3472F /* SmsCodeViewModel.swift */ = {isa = PBXFileReference; fileEncoding = 4; lastKnownFileType = sourcecode.swift; path = SmsCodeViewModel.swift; sourceTree = "<group>"; };
		8C7AA4A39C463CA7BCBFB7DA /* MapViewModel.swift */ = {isa = PBXFileReference; fileEncoding = 4; lastKnownFileType = sourcecode.swift; path = MapViewModel.swift; sourceTree = "<group>"; };
		8C7AA4D6D26E2CAE13717EFE /* PhoneNumber.swift */ = {isa = PBXFileReference; fileEncoding = 4; lastKnownFileType = sourcecode.swift; path = PhoneNumber.swift; sourceTree = "<group>"; };
		8C7AA50B475F73EB9E849FE8 /* UIColor.swift */ = {isa = PBXFileReference; fileEncoding = 4; lastKnownFileType = sourcecode.swift; path = UIColor.swift; sourceTree = "<group>"; };
		8C7AA607F7D3BADF7C3C1CF7 /* UserDetailsViewModel.swift */ = {isa = PBXFileReference; fileEncoding = 4; lastKnownFileType = sourcecode.swift; path = UserDetailsViewModel.swift; sourceTree = "<group>"; };
		8C7AA60FC9FA65176DF09E1C /* CreateGroupView.swift */ = {isa = PBXFileReference; fileEncoding = 4; lastKnownFileType = sourcecode.swift; path = CreateGroupView.swift; sourceTree = "<group>"; };
		8C7AA64F22D35895DB901050 /* UserDetailsViewController.swift */ = {isa = PBXFileReference; fileEncoding = 4; lastKnownFileType = sourcecode.swift; path = UserDetailsViewController.swift; sourceTree = "<group>"; };
		8C7AA66240CB9A6761B4DE4A /* FriendTableViewCell.swift */ = {isa = PBXFileReference; fileEncoding = 4; lastKnownFileType = sourcecode.swift; path = FriendTableViewCell.swift; sourceTree = "<group>"; };
		8C7AA66485F73E105A9CFE0E /* UserWithToken.swift */ = {isa = PBXFileReference; fileEncoding = 4; lastKnownFileType = sourcecode.swift; path = UserWithToken.swift; sourceTree = "<group>"; };
		8C7AA79BD8FEF7D9AB5217B8 /* Friend.swift */ = {isa = PBXFileReference; fileEncoding = 4; lastKnownFileType = sourcecode.swift; path = Friend.swift; sourceTree = "<group>"; };
		8C7AA87B8344E9A11FBEB27B /* MapFlowController.swift */ = {isa = PBXFileReference; fileEncoding = 4; lastKnownFileType = sourcecode.swift; path = MapFlowController.swift; sourceTree = "<group>"; };
		8C7AA8CEE9D9F4335AC284E5 /* OnboardingFlowController.swift */ = {isa = PBXFileReference; fileEncoding = 4; lastKnownFileType = sourcecode.swift; path = OnboardingFlowController.swift; sourceTree = "<group>"; };
		8C7AA8EBB069F0F68FEA2AB9 /* UpdateLocationRepository.swift */ = {isa = PBXFileReference; fileEncoding = 4; lastKnownFileType = sourcecode.swift; path = UpdateLocationRepository.swift; sourceTree = "<group>"; };
		8C7AA93A871B4EE68B0197B6 /* SharingFriendsViewController.swift */ = {isa = PBXFileReference; fileEncoding = 4; lastKnownFileType = sourcecode.swift; path = SharingFriendsViewController.swift; sourceTree = "<group>"; };
		8C7AA95F409697B25FF94DF0 /* FriendAnnotation.swift */ = {isa = PBXFileReference; fileEncoding = 4; lastKnownFileType = sourcecode.swift; path = FriendAnnotation.swift; sourceTree = "<group>"; };
		8C7AA987BB4B14B9F1F4E208 /* GroupCellViewModel.swift */ = {isa = PBXFileReference; fileEncoding = 4; lastKnownFileType = sourcecode.swift; path = GroupCellViewModel.swift; sourceTree = "<group>"; };
		8C7AA9B780017F0774D97D39 /* SmsCodeView.swift */ = {isa = PBXFileReference; fileEncoding = 4; lastKnownFileType = sourcecode.swift; path = SmsCodeView.swift; sourceTree = "<group>"; };
		8C7AA9C5F64548318BB1E612 /* FriendAnnotationView.swift */ = {isa = PBXFileReference; fileEncoding = 4; lastKnownFileType = sourcecode.swift; path = FriendAnnotationView.swift; sourceTree = "<group>"; };
		8C7AAA0A02FDEF2567B70310 /* UserFileSaver.swift */ = {isa = PBXFileReference; fileEncoding = 4; lastKnownFileType = sourcecode.swift; path = UserFileSaver.swift; sourceTree = "<group>"; };
		8C7AAA2AD7343BC20E4B0AA1 /* PhoneNumberViewModel.swift */ = {isa = PBXFileReference; fileEncoding = 4; lastKnownFileType = sourcecode.swift; path = PhoneNumberViewModel.swift; sourceTree = "<group>"; };
		8C7AAAC96D269EA687818DEC /* Position.swift */ = {isa = PBXFileReference; fileEncoding = 4; lastKnownFileType = sourcecode.swift; path = Position.swift; sourceTree = "<group>"; };
		8C7AAAD9BD8C62FAAC08993A /* Contact.swift */ = {isa = PBXFileReference; fileEncoding = 4; lastKnownFileType = sourcecode.swift; path = Contact.swift; sourceTree = "<group>"; };
		8C7AAB486056B4436A8B659B /* AppDelegate.swift */ = {isa = PBXFileReference; lastKnownFileType = sourcecode.swift; path = AppDelegate.swift; sourceTree = "<group>"; };
		8C7AAB74064DC08700EF7019 /* FriendsViewModel.swift */ = {isa = PBXFileReference; fileEncoding = 4; lastKnownFileType = sourcecode.swift; path = FriendsViewModel.swift; sourceTree = "<group>"; };
		8C7AAB9FC0479F6BF4914C57 /* CreateGroupViewModel.swift */ = {isa = PBXFileReference; fileEncoding = 4; lastKnownFileType = sourcecode.swift; path = CreateGroupViewModel.swift; sourceTree = "<group>"; };
		8C7AAC30DB20C61B8DFAF2E0 /* GroupService.swift */ = {isa = PBXFileReference; fileEncoding = 4; lastKnownFileType = sourcecode.swift; path = GroupService.swift; sourceTree = "<group>"; };
		8C7AAC3678DDBA0F931B33BD /* GroupViewModel.swift */ = {isa = PBXFileReference; fileEncoding = 4; lastKnownFileType = sourcecode.swift; path = GroupViewModel.swift; sourceTree = "<group>"; };
		8C7AAC565A4A760005925DC8 /* Int+sketchSize.swift */ = {isa = PBXFileReference; fileEncoding = 4; lastKnownFileType = sourcecode.swift; path = "Int+sketchSize.swift"; sourceTree = "<group>"; };
		8C7AACB701026D06046E457E /* SharingFriendsView.swift */ = {isa = PBXFileReference; fileEncoding = 4; lastKnownFileType = sourcecode.swift; path = SharingFriendsView.swift; sourceTree = "<group>"; };
		8C7AAD34777B410029D53EE5 /* Repository.swift */ = {isa = PBXFileReference; fileEncoding = 4; lastKnownFileType = sourcecode.swift; path = Repository.swift; sourceTree = "<group>"; };
		8C7AAD68DB9F1CFA5F211F8D /* UserDetailsView.swift */ = {isa = PBXFileReference; fileEncoding = 4; lastKnownFileType = sourcecode.swift; path = UserDetailsView.swift; sourceTree = "<group>"; };
		8C7AADB0894CDDC866D54804 /* Token.swift */ = {isa = PBXFileReference; fileEncoding = 4; lastKnownFileType = sourcecode.swift; path = Token.swift; sourceTree = "<group>"; };
		8C7AADBDFAFAE95A0A08601F /* UIView.swift */ = {isa = PBXFileReference; fileEncoding = 4; lastKnownFileType = sourcecode.swift; path = UIView.swift; sourceTree = "<group>"; };
		8C7AADD65472BB55A47A7ACA /* MapViewController.swift */ = {isa = PBXFileReference; fileEncoding = 4; lastKnownFileType = sourcecode.swift; path = MapViewController.swift; sourceTree = "<group>"; };
		8C7AAE2C2E5A07DE7D70C6A9 /* MainTabViewController.swift */ = {isa = PBXFileReference; fileEncoding = 4; lastKnownFileType = sourcecode.swift; path = MainTabViewController.swift; sourceTree = "<group>"; };
		8C7AAE3B33BC886B5CBCE62B /* CreateGroupViewController.swift */ = {isa = PBXFileReference; fileEncoding = 4; lastKnownFileType = sourcecode.swift; path = CreateGroupViewController.swift; sourceTree = "<group>"; };
		8C7AAE6262780CCE160D8C82 /* FlowController.swift */ = {isa = PBXFileReference; fileEncoding = 4; lastKnownFileType = sourcecode.swift; path = FlowController.swift; sourceTree = "<group>"; };
		8C7AAE704FD822F809C5F079 /* FriendCellViewModel.swift */ = {isa = PBXFileReference; fileEncoding = 4; lastKnownFileType = sourcecode.swift; path = FriendCellViewModel.swift; sourceTree = "<group>"; };
		8C7AAF1067DFFFB0E150BCF3 /* GroupTableViewController.swift */ = {isa = PBXFileReference; fileEncoding = 4; lastKnownFileType = sourcecode.swift; path = GroupTableViewController.swift; sourceTree = "<group>"; };
		8C7AAF25CA02C282C2F98EAD /* LocationUpdaterService.swift */ = {isa = PBXFileReference; fileEncoding = 4; lastKnownFileType = sourcecode.swift; path = LocationUpdaterService.swift; sourceTree = "<group>"; };
		8C7AAF59A9224F6B880D3FD3 /* Info.plist */ = {isa = PBXFileReference; lastKnownFileType = text.plist.info; path = Info.plist; sourceTree = "<group>"; };
		8C7AAFA7F2953C5B6BC55FA4 /* User.swift */ = {isa = PBXFileReference; fileEncoding = 4; lastKnownFileType = sourcecode.swift; path = User.swift; sourceTree = "<group>"; };
		8C7AAFB1B9219AA4FCF29068 /* FriendFetcherService.swift */ = {isa = PBXFileReference; fileEncoding = 4; lastKnownFileType = sourcecode.swift; path = FriendFetcherService.swift; sourceTree = "<group>"; };
		8C7AAFB79D109E3FC854AB46 /* FriendsRepository.swift */ = {isa = PBXFileReference; fileEncoding = 4; lastKnownFileType = sourcecode.swift; path = FriendsRepository.swift; sourceTree = "<group>"; };
		8C7AAFDDD9C99E6CEB77D60F /* InitialCreator.swift */ = {isa = PBXFileReference; fileEncoding = 4; lastKnownFileType = sourcecode.swift; path = InitialCreator.swift; sourceTree = "<group>"; };
		8C7AAFE213218F7BDD514093 /* PhoneNumberView.swift */ = {isa = PBXFileReference; fileEncoding = 4; lastKnownFileType = sourcecode.swift; path = PhoneNumberView.swift; sourceTree = "<group>"; };
		8C7AAFEA507E4CAB8385D04E /* LoginService.swift */ = {isa = PBXFileReference; fileEncoding = 4; lastKnownFileType = sourcecode.swift; path = LoginService.swift; sourceTree = "<group>"; };
		8C7AAFF0F455AA4069D8D5D0 /* CreateGroupButtonView.swift */ = {isa = PBXFileReference; fileEncoding = 4; lastKnownFileType = sourcecode.swift; path = CreateGroupButtonView.swift; sourceTree = "<group>"; };
		96FCFAA20A7B572B5BC036FD /* Pods-ShareAndSki.debug.xcconfig */ = {isa = PBXFileReference; includeInIndex = 1; lastKnownFileType = text.xcconfig; name = "Pods-ShareAndSki.debug.xcconfig"; path = "Pods/Target Support Files/Pods-ShareAndSki/Pods-ShareAndSki.debug.xcconfig"; sourceTree = "<group>"; };
		F7FE59393CBBFEBEDFF9976A /* Pods-ShareAndSki.release.xcconfig */ = {isa = PBXFileReference; includeInIndex = 1; lastKnownFileType = text.xcconfig; name = "Pods-ShareAndSki.release.xcconfig"; path = "Pods/Target Support Files/Pods-ShareAndSki/Pods-ShareAndSki.release.xcconfig"; sourceTree = "<group>"; };
/* End PBXFileReference section */

/* Begin PBXFrameworksBuildPhase section */
		7BFD5EED225FA841009300A3 /* Frameworks */ = {
			isa = PBXFrameworksBuildPhase;
			buildActionMask = 2147483647;
			files = (
			);
			runOnlyForDeploymentPostprocessing = 0;
		};
		8C7AA91C4E8FBA80EE75B2B2 /* Frameworks */ = {
			isa = PBXFrameworksBuildPhase;
			buildActionMask = 2147483647;
			files = (
				06E48C27A493F8197667DF35 /* Pods_ShareAndSki.framework in Frameworks */,
			);
			runOnlyForDeploymentPostprocessing = 0;
		};
/* End PBXFrameworksBuildPhase section */

/* Begin PBXGroup section */
		10C7EB267DFEAB22A1306B0C /* Frameworks */ = {
			isa = PBXGroup;
			children = (
				8895A3C9C413E5B7546E73A1 /* Pods_ShareAndSki.framework */,
			);
			name = Frameworks;
			sourceTree = "<group>";
		};
		7BFD5EF1225FA841009300A3 /* ShareAndSkiTests */ = {
			isa = PBXGroup;
			children = (
				7BFD5EF2225FA841009300A3 /* ShareAndSkiTests.swift */,
				7BFD5EF4225FA841009300A3 /* Info.plist */,
			);
			path = ShareAndSkiTests;
			sourceTree = "<group>";
		};
		8C7AA0CF2D43BCF8AD6C25B2 /* ShareAndSki */ = {
			isa = PBXGroup;
			children = (
				7B87E81D224AB901004C90D6 /* Assets.xcassets */,
				8C7AAF59A9224F6B880D3FD3 /* Info.plist */,
				8C7AA059830CF7018581F622 /* LaunchScreen.storyboard */,
				8C7AAB486056B4436A8B659B /* AppDelegate.swift */,
				8C7AAE2C2E5A07DE7D70C6A9 /* MainTabViewController.swift */,
				8C7AA42A280CF009DD28FFD4 /* Extensions */,
				8C7AA87E436AC6ED83B092B8 /* Utils */,
				7BD62317224AAC940099FEE5 /* Localizable.strings */,
				8C7AA1B709C5E2FC8C72D128 /* Friends */,
				8C7AA155FDDEDD4275E3BC74 /* Map */,
				8C7AA9FD4F5A891F62FD7B10 /* Network */,
				8C7AA5DB2EA5E274EF9BCECE /* Group */,
				8C7AAD7CE8507C24F56B627D /* Flows */,
				8C7AAF02A50E4A2C27289F2D /* Login */,
				8C7AA8A5D63D39B47E09934A /* Repositories */,
				8C7AA17718B79245AD0367E6 /* NetworkServices */,
			);
			path = ShareAndSki;
			sourceTree = "<group>";
		};
		8C7AA155FDDEDD4275E3BC74 /* Map */ = {
			isa = PBXGroup;
			children = (
				8C7AADD65472BB55A47A7ACA /* MapViewController.swift */,
				8C7AA4A39C463CA7BCBFB7DA /* MapViewModel.swift */,
				8C7AA2677E5AF2B037C4B253 /* MapView.swift */,
				8C7AADB7EB0A7A18DADB3ACC /* SharingFriends */,
				8C7AAF25CA02C282C2F98EAD /* LocationUpdaterService.swift */,
				8C7AA951404779E35D54A806 /* LocationMarker */,
			);
			path = Map;
			sourceTree = "<group>";
		};
		8C7AA17718B79245AD0367E6 /* NetworkServices */ = {
			isa = PBXGroup;
			children = (
				8C7AAFB1B9219AA4FCF29068 /* FriendFetcherService.swift */,
				8C7AAFEA507E4CAB8385D04E /* LoginService.swift */,
				8C7AAC30DB20C61B8DFAF2E0 /* GroupService.swift */,
			);
			path = NetworkServices;
			sourceTree = "<group>";
		};
		8C7AA1B709C5E2FC8C72D128 /* Friends */ = {
			isa = PBXGroup;
			children = (
				8C7AA15EE018F02CBE3D94CE /* FriendsTableViewController.swift */,
				8C7AAB74064DC08700EF7019 /* FriendsViewModel.swift */,
				8C7AA2A2EC53BD8FCE028501 /* Cell */,
				8C7AAC5F0663276E04E6B313 /* Models */,
			);
			path = Friends;
			sourceTree = "<group>";
		};
		8C7AA1C6475EE49BCB508320 /* Products */ = {
			isa = PBXGroup;
			children = (
				8C7AA0B824956A903292214B /* ShareAndSki.app */,
				7BFD5EF0225FA841009300A3 /* ShareAndSkiTests.xctest */,
			);
			name = Products;
			sourceTree = "<group>";
		};
		8C7AA2193831726BBE4140F5 /* Models */ = {
			isa = PBXGroup;
			children = (
				8C7AA4D6D26E2CAE13717EFE /* PhoneNumber.swift */,
				8C7AADB0894CDDC866D54804 /* Token.swift */,
				8C7AA66485F73E105A9CFE0E /* UserWithToken.swift */,
			);
			path = Models;
			sourceTree = "<group>";
		};
		8C7AA2A2EC53BD8FCE028501 /* Cell */ = {
			isa = PBXGroup;
			children = (
				8C7AAE704FD822F809C5F079 /* FriendCellViewModel.swift */,
				8C7AA66240CB9A6761B4DE4A /* FriendTableViewCell.swift */,
			);
			path = Cell;
			sourceTree = "<group>";
		};
		8C7AA42A280CF009DD28FFD4 /* Extensions */ = {
			isa = PBXGroup;
			children = (
				8C7AA28B0F5B339A9BA195A6 /* String+Localizable.swift */,
				8C7AA50B475F73EB9E849FE8 /* UIColor.swift */,
				8C7AADBDFAFAE95A0A08601F /* UIView.swift */,
				8C7AA24C22187A1536B4E57B /* CGFloat+sketchSize.swift */,
				8C7AAC565A4A760005925DC8 /* Int+sketchSize.swift */,
			);
			path = Extensions;
			sourceTree = "<group>";
		};
		8C7AA5DB2EA5E274EF9BCECE /* Group */ = {
			isa = PBXGroup;
			children = (
				8C7AAF1067DFFFB0E150BCF3 /* GroupTableViewController.swift */,
				8C7AAC3678DDBA0F931B33BD /* GroupViewModel.swift */,
				8C7AA43F79CEFF0DA0E69DA8 /* Group.swift */,
				8C7AA987BB4B14B9F1F4E208 /* GroupCellViewModel.swift */,
				8C7AA8C706561A2625C30AC8 /* CreateGroup */,
			);
			path = Group;
			sourceTree = "<group>";
		};
		8C7AA7646BEDEAC7C5839A49 = {
			isa = PBXGroup;
			children = (
				7BFD5EF1225FA841009300A3 /* ShareAndSkiTests */,
				8C7AA1C6475EE49BCB508320 /* Products */,
				8C7AA0CF2D43BCF8AD6C25B2 /* ShareAndSki */,
				B5DDBB16A5EF90A32E64C00E /* Pods */,
				10C7EB267DFEAB22A1306B0C /* Frameworks */,
			);
			sourceTree = "<group>";
		};
		8C7AA7658E7C0DB792B67C29 /* SmsCode */ = {
			isa = PBXGroup;
			children = (
				8C7AA315333A8F66A681C43A /* SmsCodeViewController.swift */,
				8C7AA9B780017F0774D97D39 /* SmsCodeView.swift */,
				8C7AA44434C679864BB3472F /* SmsCodeViewModel.swift */,
			);
			path = SmsCode;
			sourceTree = "<group>";
		};
		8C7AA7DE4976C41F1D6998AA /* UserDetails */ = {
			isa = PBXGroup;
			children = (
				8C7AAD68DB9F1CFA5F211F8D /* UserDetailsView.swift */,
				8C7AA64F22D35895DB901050 /* UserDetailsViewController.swift */,
				8C7AA607F7D3BADF7C3C1CF7 /* UserDetailsViewModel.swift */,
			);
			path = UserDetails;
			sourceTree = "<group>";
		};
		8C7AA87E436AC6ED83B092B8 /* Utils */ = {
			isa = PBXGroup;
			children = (
				8C7AA105BBBF27D021683185 /* Colors.swift */,
				8C7AA26363248D94599B7462 /* InitialCircleView.swift */,
				8C7AAFDDD9C99E6CEB77D60F /* InitialCreator.swift */,
				8C7AA2BF1E44041C3BD9C48B /* RoundedButton.swift */,
			);
			path = Utils;
			sourceTree = "<group>";
		};
		8C7AA8A5D63D39B47E09934A /* Repositories */ = {
			isa = PBXGroup;
			children = (
				8C7AA03A68E2016C0B9EEB9E /* UserRepository.swift */,
				8C7AAFB79D109E3FC854AB46 /* FriendsRepository.swift */,
				8C7AA17E6C4BC1CBA2882BD5 /* GroupRepository.swift */,
				8C7AAD34777B410029D53EE5 /* Repository.swift */,
				8C7AAA0A02FDEF2567B70310 /* UserFileSaver.swift */,
				8C7AA8EBB069F0F68FEA2AB9 /* UpdateLocationRepository.swift */,
			);
			path = Repositories;
			sourceTree = "<group>";
		};
		8C7AA8C706561A2625C30AC8 /* CreateGroup */ = {
			isa = PBXGroup;
			children = (
				8C7AAFF0F455AA4069D8D5D0 /* CreateGroupButtonView.swift */,
				8C7AA60FC9FA65176DF09E1C /* CreateGroupView.swift */,
				8C7AAE3B33BC886B5CBCE62B /* CreateGroupViewController.swift */,
				8C7AAB9FC0479F6BF4914C57 /* CreateGroupViewModel.swift */,
			);
			path = CreateGroup;
			sourceTree = "<group>";
		};
		8C7AA951404779E35D54A806 /* LocationMarker */ = {
			isa = PBXGroup;
			children = (
				8C7AA95F409697B25FF94DF0 /* FriendAnnotation.swift */,
				8C7AA9C5F64548318BB1E612 /* FriendAnnotationView.swift */,
			);
			path = LocationMarker;
			sourceTree = "<group>";
		};
		8C7AA9FD4F5A891F62FD7B10 /* Network */ = {
			isa = PBXGroup;
			children = (
				8C7AA1C119279E7744FC2653 /* NetworkManager.swift */,
			);
			path = Network;
			sourceTree = "<group>";
		};
		8C7AAB8D589B3DB80B2ED1D2 /* PhoneNumber */ = {
			isa = PBXGroup;
			children = (
				8C7AAFE213218F7BDD514093 /* PhoneNumberView.swift */,
				8C7AA3B35F9E504E69C56D1E /* PhoneNumberViewController.swift */,
				8C7AAA2AD7343BC20E4B0AA1 /* PhoneNumberViewModel.swift */,
			);
			path = PhoneNumber;
			sourceTree = "<group>";
		};
		8C7AAC5F0663276E04E6B313 /* Models */ = {
			isa = PBXGroup;
			children = (
				8C7AA79BD8FEF7D9AB5217B8 /* Friend.swift */,
				8C7AAAD9BD8C62FAAC08993A /* Contact.swift */,
				8C7AAFA7F2953C5B6BC55FA4 /* User.swift */,
				8C7AAAC96D269EA687818DEC /* Position.swift */,
			);
			path = Models;
			sourceTree = "<group>";
		};
		8C7AAD7CE8507C24F56B627D /* Flows */ = {
			isa = PBXGroup;
			children = (
				8C7AA2440CB5E51073093316 /* MainFlowController.swift */,
				8C7AAE6262780CCE160D8C82 /* FlowController.swift */,
				8C7AA8CEE9D9F4335AC284E5 /* OnboardingFlowController.swift */,
				8C7AA87B8344E9A11FBEB27B /* MapFlowController.swift */,
			);
			path = Flows;
			sourceTree = "<group>";
		};
		8C7AADB7EB0A7A18DADB3ACC /* SharingFriends */ = {
			isa = PBXGroup;
			children = (
				8C7AA05B26948E6FF708586F /* SharingFriendsFloatingPanelLayout.swift */,
				8C7AACB701026D06046E457E /* SharingFriendsView.swift */,
				8C7AA93A871B4EE68B0197B6 /* SharingFriendsViewController.swift */,
				8C7AA33E76DB635675B4B730 /* SharingFriendsViewModel.swift */,
			);
			path = SharingFriends;
			sourceTree = "<group>";
		};
		8C7AAF02A50E4A2C27289F2D /* Login */ = {
			isa = PBXGroup;
			children = (
				8C7AAB8D589B3DB80B2ED1D2 /* PhoneNumber */,
				8C7AA7658E7C0DB792B67C29 /* SmsCode */,
				8C7AA7DE4976C41F1D6998AA /* UserDetails */,
				8C7AA37CBB0AB7B0940F5BEF /* DescriptionWithImageView.swift */,
				8C7AA2193831726BBE4140F5 /* Models */,
			);
			path = Login;
			sourceTree = "<group>";
		};
		B5DDBB16A5EF90A32E64C00E /* Pods */ = {
			isa = PBXGroup;
			children = (
				96FCFAA20A7B572B5BC036FD /* Pods-ShareAndSki.debug.xcconfig */,
				F7FE59393CBBFEBEDFF9976A /* Pods-ShareAndSki.release.xcconfig */,
			);
			name = Pods;
			sourceTree = "<group>";
		};
/* End PBXGroup section */

/* Begin PBXNativeTarget section */
		7BFD5EEF225FA841009300A3 /* ShareAndSkiTests */ = {
			isa = PBXNativeTarget;
			buildConfigurationList = 7BFD5EF9225FA841009300A3 /* Build configuration list for PBXNativeTarget "ShareAndSkiTests" */;
			buildPhases = (
				7BFD5EEC225FA841009300A3 /* Sources */,
				7BFD5EED225FA841009300A3 /* Frameworks */,
				7BFD5EEE225FA841009300A3 /* Resources */,
			);
			buildRules = (
			);
			dependencies = (
				7BFD5EF6225FA841009300A3 /* PBXTargetDependency */,
			);
			name = ShareAndSkiTests;
			productName = ShareAndSkiTests;
			productReference = 7BFD5EF0225FA841009300A3 /* ShareAndSkiTests.xctest */;
			productType = "com.apple.product-type.bundle.unit-test";
		};
		8C7AA118519474720DD3566A /* ShareAndSki */ = {
			isa = PBXNativeTarget;
			buildConfigurationList = 8C7AAC2F88883BCEE57A41A4 /* Build configuration list for PBXNativeTarget "ShareAndSki" */;
			buildPhases = (
				72FB08785C7DD621C71BC297 /* [CP] Check Pods Manifest.lock */,
				8C7AAD8D9047D1E9AA945D3A /* Sources */,
				8C7AA91C4E8FBA80EE75B2B2 /* Frameworks */,
				8C7AA9C5C7D78ECCE1C8F606 /* Resources */,
				99A0C63F2B7DB9760B8FE88D /* [CP] Embed Pods Frameworks */,
			);
			buildRules = (
			);
			dependencies = (
			);
			name = ShareAndSki;
			productName = ShareAndSki;
			productReference = 8C7AA0B824956A903292214B /* ShareAndSki.app */;
			productType = "com.apple.product-type.application";
		};
/* End PBXNativeTarget section */

/* Begin PBXProject section */
		8C7AA976471065703E80E37B /* Project object */ = {
			isa = PBXProject;
			attributes = {
				LastSwiftUpdateCheck = 1010;
				ORGANIZATIONNAME = "Apolej Developer";
				TargetAttributes = {
					7BFD5EEF225FA841009300A3 = {
						CreatedOnToolsVersion = 10.1;
						DevelopmentTeam = L9ADMJK938;
						ProvisioningStyle = Automatic;
						TestTargetID = 8C7AA118519474720DD3566A;
					};
					8C7AA118519474720DD3566A = {
						DevelopmentTeam = L9ADMJK938;
					};
				};
			};
			buildConfigurationList = 8C7AA1E419369764F9C45AE2 /* Build configuration list for PBXProject "ShareAndSki" */;
			compatibilityVersion = "Xcode 3.2";
			developmentRegion = English;
			hasScannedForEncodings = 0;
			knownRegions = (
				en,
				Base,
				pl,
			);
			mainGroup = 8C7AA7646BEDEAC7C5839A49;
			productRefGroup = 8C7AA1C6475EE49BCB508320 /* Products */;
			projectDirPath = "";
			projectRoot = "";
			targets = (
				8C7AA118519474720DD3566A /* ShareAndSki */,
				7BFD5EEF225FA841009300A3 /* ShareAndSkiTests */,
			);
		};
/* End PBXProject section */

/* Begin PBXResourcesBuildPhase section */
		7BFD5EEE225FA841009300A3 /* Resources */ = {
			isa = PBXResourcesBuildPhase;
			buildActionMask = 2147483647;
			files = (
			);
			runOnlyForDeploymentPostprocessing = 0;
		};
		8C7AA9C5C7D78ECCE1C8F606 /* Resources */ = {
			isa = PBXResourcesBuildPhase;
			buildActionMask = 2147483647;
			files = (
				7BD62319224AAC940099FEE5 /* Localizable.strings in Resources */,
				7B87E81E224AB901004C90D6 /* Assets.xcassets in Resources */,
				8C7AA9EC5E5AA9EBAFFB6EA8 /* LaunchScreen.storyboard in Resources */,
			);
			runOnlyForDeploymentPostprocessing = 0;
		};
/* End PBXResourcesBuildPhase section */

/* Begin PBXShellScriptBuildPhase section */
		72FB08785C7DD621C71BC297 /* [CP] Check Pods Manifest.lock */ = {
			isa = PBXShellScriptBuildPhase;
			buildActionMask = 2147483647;
			files = (
			);
			inputFileListPaths = (
			);
			inputPaths = (
				"${PODS_PODFILE_DIR_PATH}/Podfile.lock",
				"${PODS_ROOT}/Manifest.lock",
			);
			name = "[CP] Check Pods Manifest.lock";
			outputFileListPaths = (
			);
			outputPaths = (
				"$(DERIVED_FILE_DIR)/Pods-ShareAndSki-checkManifestLockResult.txt",
			);
			runOnlyForDeploymentPostprocessing = 0;
			shellPath = /bin/sh;
			shellScript = "diff \"${PODS_PODFILE_DIR_PATH}/Podfile.lock\" \"${PODS_ROOT}/Manifest.lock\" > /dev/null\nif [ $? != 0 ] ; then\n    # print error to STDERR\n    echo \"error: The sandbox is not in sync with the Podfile.lock. Run 'pod install' or update your CocoaPods installation.\" >&2\n    exit 1\nfi\n# This output is used by Xcode 'outputs' to avoid re-running this script phase.\necho \"SUCCESS\" > \"${SCRIPT_OUTPUT_FILE_0}\"\n";
			showEnvVarsInLog = 0;
		};
		99A0C63F2B7DB9760B8FE88D /* [CP] Embed Pods Frameworks */ = {
			isa = PBXShellScriptBuildPhase;
			buildActionMask = 2147483647;
			files = (
			);
			inputFileListPaths = (
			);
			inputPaths = (
				"${SRCROOT}/Pods/Target Support Files/Pods-ShareAndSki/Pods-ShareAndSki-frameworks.sh",
				"${BUILT_PRODUCTS_DIR}/Alamofire/Alamofire.framework",
				"${BUILT_PRODUCTS_DIR}/FlagPhoneNumber/FlagPhoneNumber.framework",
				"${BUILT_PRODUCTS_DIR}/FloatingPanel/FloatingPanel.framework",
				"${BUILT_PRODUCTS_DIR}/JGProgressHUD/JGProgressHUD.framework",
				"${BUILT_PRODUCTS_DIR}/ObjectMapper/ObjectMapper.framework",
				"${BUILT_PRODUCTS_DIR}/PinCodeTextField/PinCodeTextField.framework",
				"${BUILT_PRODUCTS_DIR}/SnapKit/SnapKit.framework",
				"${BUILT_PRODUCTS_DIR}/SwiftyBeaver/SwiftyBeaver.framework",
				"${BUILT_PRODUCTS_DIR}/libPhoneNumber-iOS/libPhoneNumber_iOS.framework",
			);
			name = "[CP] Embed Pods Frameworks";
			outputFileListPaths = (
			);
			outputPaths = (
				"${TARGET_BUILD_DIR}/${FRAMEWORKS_FOLDER_PATH}/Alamofire.framework",
				"${TARGET_BUILD_DIR}/${FRAMEWORKS_FOLDER_PATH}/FlagPhoneNumber.framework",
				"${TARGET_BUILD_DIR}/${FRAMEWORKS_FOLDER_PATH}/FloatingPanel.framework",
				"${TARGET_BUILD_DIR}/${FRAMEWORKS_FOLDER_PATH}/JGProgressHUD.framework",
				"${TARGET_BUILD_DIR}/${FRAMEWORKS_FOLDER_PATH}/ObjectMapper.framework",
				"${TARGET_BUILD_DIR}/${FRAMEWORKS_FOLDER_PATH}/PinCodeTextField.framework",
				"${TARGET_BUILD_DIR}/${FRAMEWORKS_FOLDER_PATH}/SnapKit.framework",
				"${TARGET_BUILD_DIR}/${FRAMEWORKS_FOLDER_PATH}/SwiftyBeaver.framework",
				"${TARGET_BUILD_DIR}/${FRAMEWORKS_FOLDER_PATH}/libPhoneNumber_iOS.framework",
			);
			runOnlyForDeploymentPostprocessing = 0;
			shellPath = /bin/sh;
			shellScript = "\"${SRCROOT}/Pods/Target Support Files/Pods-ShareAndSki/Pods-ShareAndSki-frameworks.sh\"\n";
			showEnvVarsInLog = 0;
		};
/* End PBXShellScriptBuildPhase section */

/* Begin PBXSourcesBuildPhase section */
		7BFD5EEC225FA841009300A3 /* Sources */ = {
			isa = PBXSourcesBuildPhase;
			buildActionMask = 2147483647;
			files = (
				7BFD5EF3225FA841009300A3 /* ShareAndSkiTests.swift in Sources */,
			);
			runOnlyForDeploymentPostprocessing = 0;
		};
		8C7AAD8D9047D1E9AA945D3A /* Sources */ = {
			isa = PBXSourcesBuildPhase;
			buildActionMask = 2147483647;
			files = (
				8C7AAA275B0D4D4CA17DE707 /* AppDelegate.swift in Sources */,
				8C7AAB489A97770F0C47B99A /* MainTabViewController.swift in Sources */,
				8C7AA0B1835B9454C47CF661 /* String+Localizable.swift in Sources */,
				8C7AA930104156250CF21673 /* Colors.swift in Sources */,
				8C7AAC339E444BF9F08B2762 /* UIColor.swift in Sources */,
				8C7AA3266023368BFE477A97 /* UIView.swift in Sources */,
				8C7AA5DFD61883F7E4E05002 /* MapViewController.swift in Sources */,
				8C7AACC8719A6C8DFB063DC5 /* MapViewModel.swift in Sources */,
				8C7AA85BA1048FC735192643 /* MapView.swift in Sources */,
				8C7AA6DF4E26084A16697627 /* FriendsTableViewController.swift in Sources */,
				8C7AA0E6E8183145CEA36763 /* FriendsViewModel.swift in Sources */,
				8C7AAD70DBB21604A0757B9E /* GroupTableViewController.swift in Sources */,
				8C7AAF7D1B0B5E686670D4E4 /* GroupViewModel.swift in Sources */,
				8C7AA7F859DBC1E4C0CA40A2 /* Group.swift in Sources */,
				8C7AA2185CFCC3284130356A /* MainFlowController.swift in Sources */,
				8C7AAF1F8B2CD8FBE6055C76 /* FlowController.swift in Sources */,
				8C7AA35AF362938B4B296977 /* NetworkManager.swift in Sources */,
				8C7AABDFC6806BF74DF8A048 /* UserRepository.swift in Sources */,
				8C7AA933B50BA68CE3A3F242 /* FriendsRepository.swift in Sources */,
				8C7AAAD31F0FF4D95E69BB4E /* GroupRepository.swift in Sources */,
				8C7AA4773C3AD7BC19E7C00F /* Repository.swift in Sources */,
				8C7AAF348EDF095A44D1EFFE /* InitialCircleView.swift in Sources */,
				8C7AAE341CFB7B22D08BDB98 /* InitialCreator.swift in Sources */,
				8C7AAC9ADA0B96F1D9B5BDDB /* OnboardingFlowController.swift in Sources */,
				8C7AA0687234209E0F34D40D /* PhoneNumberView.swift in Sources */,
				8C7AAE0F505F515AF83122F3 /* PhoneNumberViewController.swift in Sources */,
				8C7AA1E1EBD36C55C313B383 /* SmsCodeViewController.swift in Sources */,
				8C7AA7FC1D808A132DD02DF6 /* SmsCodeView.swift in Sources */,
				8C7AA126DC61FB6C3C369A2A /* UserDetailsView.swift in Sources */,
				8C7AA0365DDEFD8DE4A62955 /* UserDetailsViewController.swift in Sources */,
				8C7AA28FBCB9FC1340E0820C /* PhoneNumberViewModel.swift in Sources */,
				8C7AAFF3046684A89755B78E /* SmsCodeViewModel.swift in Sources */,
				8C7AA5D87438300677A5CCCF /* UserDetailsViewModel.swift in Sources */,
				8C7AA6141165C682DAA34994 /* DescriptionWithImageView.swift in Sources */,
				8C7AA6FB2C4BBB2F3144F93E /* CGFloat+sketchSize.swift in Sources */,
				8C7AA83A64924F604AD179A5 /* Int+sketchSize.swift in Sources */,
				8C7AA4715FEB6E863F350188 /* RoundedButton.swift in Sources */,
				8C7AA01BA273A5A187C02A3B /* FriendFetcherService.swift in Sources */,
				8C7AA13743B8BF5DFE9FCE86 /* LoginService.swift in Sources */,
				8C7AA683B06BBE1C80E913E1 /* GroupService.swift in Sources */,
				8C7AAAB70AC4BCF993FB9C51 /* SharingFriendsFloatingPanelLayout.swift in Sources */,
				8C7AA3E3B3C6DB54E89B2D9A /* SharingFriendsView.swift in Sources */,
				8C7AA88F858B6B2220C0F5EE /* SharingFriendsViewController.swift in Sources */,
				8C7AAEFA0277F79DCC91202F /* SharingFriendsViewModel.swift in Sources */,
				8C7AAB12463850EE39A37DA6 /* FriendCellViewModel.swift in Sources */,
				8C7AAE6CD5858CCAA7677B30 /* FriendTableViewCell.swift in Sources */,
				8C7AAC3A110BFE0C8CFF1781 /* Friend.swift in Sources */,
				8C7AAC57C56C78AFF578A6CB /* Contact.swift in Sources */,
				8C7AACC3A5C360DF02BE59B3 /* GroupCellViewModel.swift in Sources */,
				8C7AAA02AC949EF23F4CD17C /* CreateGroupButtonView.swift in Sources */,
				8C7AA2DDEC8F38C529E85B51 /* CreateGroupView.swift in Sources */,
				8C7AA1B5386A58DF1B639E36 /* CreateGroupViewController.swift in Sources */,
				8C7AAD9EBF57F2BFD2288793 /* CreateGroupViewModel.swift in Sources */,
				8C7AA574B35E9C57B0FBA2A4 /* MapFlowController.swift in Sources */,
				8C7AAAE9438350369CDB72B6 /* PhoneNumber.swift in Sources */,
				8C7AAE79FA3D102CC6DAE8BC /* Token.swift in Sources */,
				8C7AA1F94F58070E0F62AB1B /* LocationUpdaterService.swift in Sources */,
				8C7AAC41E256890FE5AEA15D /* User.swift in Sources */,
				8C7AA448F261B565451FB1FE /* UserWithToken.swift in Sources */,
				8C7AA8B6C1DB61E186F8BE58 /* UserFileSaver.swift in Sources */,
				8C7AA178F0B1DAD1295DE3DD /* UpdateLocationRepository.swift in Sources */,
				8C7AA1602A62FCBBD13EF4BF /* FriendAnnotation.swift in Sources */,
				8C7AACC0644BF7FE44B4E618 /* FriendAnnotationView.swift in Sources */,
				8C7AA068B06997FC4CBE5E8B /* Position.swift in Sources */,
			);
			runOnlyForDeploymentPostprocessing = 0;
		};
/* End PBXSourcesBuildPhase section */

/* Begin PBXTargetDependency section */
		7BFD5EF6225FA841009300A3 /* PBXTargetDependency */ = {
			isa = PBXTargetDependency;
			target = 8C7AA118519474720DD3566A /* ShareAndSki */;
			targetProxy = 7BFD5EF5225FA841009300A3 /* PBXContainerItemProxy */;
		};
/* End PBXTargetDependency section */

/* Begin PBXVariantGroup section */
		7BD62317224AAC940099FEE5 /* Localizable.strings */ = {
			isa = PBXVariantGroup;
			children = (
				7BD62318224AAC940099FEE5 /* Base */,
				7BD6231A224AAC970099FEE5 /* pl */,
			);
			name = Localizable.strings;
			sourceTree = "<group>";
		};
		8C7AA059830CF7018581F622 /* LaunchScreen.storyboard */ = {
			isa = PBXVariantGroup;
			children = (
				7BD62309224A8F3A0099FEE5 /* Base */,
				7BD6230E224AABD20099FEE5 /* pl */,
			);
			name = LaunchScreen.storyboard;
			sourceTree = "<group>";
		};
/* End PBXVariantGroup section */

/* Begin XCBuildConfiguration section */
		7BFD5EF7225FA841009300A3 /* Debug */ = {
			isa = XCBuildConfiguration;
			buildSettings = {
				BUNDLE_LOADER = "$(TEST_HOST)";
				CODE_SIGN_STYLE = Automatic;
				DEVELOPMENT_TEAM = L9ADMJK938;
				INFOPLIST_FILE = ShareAndSkiTests/Info.plist;
				IPHONEOS_DEPLOYMENT_TARGET = 12.1;
				LD_RUNPATH_SEARCH_PATHS = "$(inherited) @executable_path/Frameworks @loader_path/Frameworks";
				PRODUCT_BUNDLE_IDENTIFIER = ApolejMorena.ShareAndSkiTests;
				PRODUCT_NAME = "$(TARGET_NAME)";
				SWIFT_VERSION = 4.2;
				TARGETED_DEVICE_FAMILY = "1,2";
				TEST_HOST = "$(BUILT_PRODUCTS_DIR)/ShareAndSki.app/ShareAndSki";
			};
			name = Debug;
		};
		7BFD5EF8225FA841009300A3 /* Release */ = {
			isa = XCBuildConfiguration;
			buildSettings = {
				BUNDLE_LOADER = "$(TEST_HOST)";
				CODE_SIGN_STYLE = Automatic;
				DEVELOPMENT_TEAM = L9ADMJK938;
				INFOPLIST_FILE = ShareAndSkiTests/Info.plist;
				IPHONEOS_DEPLOYMENT_TARGET = 12.1;
				LD_RUNPATH_SEARCH_PATHS = "$(inherited) @executable_path/Frameworks @loader_path/Frameworks";
				PRODUCT_BUNDLE_IDENTIFIER = ApolejMorena.ShareAndSkiTests;
				PRODUCT_NAME = "$(TARGET_NAME)";
				SWIFT_VERSION = 4.2;
				TARGETED_DEVICE_FAMILY = "1,2";
				TEST_HOST = "$(BUILT_PRODUCTS_DIR)/ShareAndSki.app/ShareAndSki";
			};
			name = Release;
		};
		8C7AA2B4445E19A5A4CF5905 /* Debug */ = {
			isa = XCBuildConfiguration;
			buildSettings = {
				ALWAYS_SEARCH_USER_PATHS = NO;
				CLANG_ANALYZER_LOCALIZABILITY_NONLOCALIZED = YES;
				CLANG_ANALYZER_NONNULL = YES;
				CLANG_ANALYZER_NUMBER_OBJECT_CONVERSION = YES_AGGRESSIVE;
				CLANG_CXX_LANGUAGE_STANDARD = "gnu++14";
				CLANG_CXX_LIBRARY = "libc++";
				CLANG_ENABLE_MODULES = YES;
				CLANG_ENABLE_OBJC_ARC = YES;
				CLANG_ENABLE_OBJC_WEAK = YES;
				CLANG_WARN_BLOCK_CAPTURE_AUTORELEASING = YES;
				CLANG_WARN_BOOL_CONVERSION = YES;
				CLANG_WARN_COMMA = YES;
				CLANG_WARN_CONSTANT_CONVERSION = YES;
				CLANG_WARN_DEPRECATED_OBJC_IMPLEMENTATIONS = YES;
				CLANG_WARN_DIRECT_OBJC_ISA_USAGE = YES_ERROR;
				CLANG_WARN_DOCUMENTATION_COMMENTS = YES;
				CLANG_WARN_EMPTY_BODY = YES;
				CLANG_WARN_ENUM_CONVERSION = YES;
				CLANG_WARN_INFINITE_RECURSION = YES;
				CLANG_WARN_INT_CONVERSION = YES;
				CLANG_WARN_NON_LITERAL_NULL_CONVERSION = YES;
				CLANG_WARN_OBJC_IMPLICIT_RETAIN_SELF = YES;
				CLANG_WARN_OBJC_LITERAL_CONVERSION = YES;
				CLANG_WARN_OBJC_ROOT_CLASS = YES_ERROR;
				CLANG_WARN_RANGE_LOOP_ANALYSIS = YES;
				CLANG_WARN_STRICT_PROTOTYPES = YES;
				CLANG_WARN_SUSPICIOUS_MOVE = YES;
				CLANG_WARN_UNGUARDED_AVAILABILITY = YES_AGGRESSIVE;
				CLANG_WARN_UNREACHABLE_CODE = YES;
				CLANG_WARN__DUPLICATE_METHOD_MATCH = YES;
				CODE_SIGN_IDENTITY = "iPhone Developer";
				COPY_PHASE_STRIP = NO;
				DEBUG_INFORMATION_FORMAT = dwarf;
				ENABLE_STRICT_OBJC_MSGSEND = YES;
				ENABLE_TESTABILITY = YES;
				GCC_C_LANGUAGE_STANDARD = gnu11;
				GCC_DYNAMIC_NO_PIC = NO;
				GCC_NO_COMMON_BLOCKS = YES;
				GCC_OPTIMIZATION_LEVEL = 0;
				GCC_PREPROCESSOR_DEFINITIONS = (
					"DEBUG=1",
					"$(inherited)",
				);
				GCC_WARN_64_TO_32_BIT_CONVERSION = YES;
				GCC_WARN_ABOUT_RETURN_TYPE = YES_ERROR;
				GCC_WARN_UNDECLARED_SELECTOR = YES;
				GCC_WARN_UNINITIALIZED_AUTOS = YES_AGGRESSIVE;
				GCC_WARN_UNUSED_FUNCTION = YES;
				GCC_WARN_UNUSED_VARIABLE = YES;
				IPHONEOS_DEPLOYMENT_TARGET = 11.0;
				MTL_ENABLE_DEBUG_INFO = INCLUDE_SOURCE;
				MTL_FAST_MATH = YES;
				ONLY_ACTIVE_ARCH = YES;
				SDKROOT = iphoneos;
				SWIFT_ACTIVE_COMPILATION_CONDITIONS = DEBUG;
				SWIFT_OPTIMIZATION_LEVEL = "-Onone";
			};
			name = Debug;
		};
		8C7AA2C0D399098708D96D25 /* Release */ = {
			isa = XCBuildConfiguration;
			baseConfigurationReference = F7FE59393CBBFEBEDFF9976A /* Pods-ShareAndSki.release.xcconfig */;
			buildSettings = {
				ASSETCATALOG_COMPILER_APPICON_NAME = AppIcon;
				DEVELOPMENT_TEAM = L9ADMJK938;
				INFOPLIST_FILE = ShareAndSki/Info.plist;
				LD_RUNPATH_SEARCH_PATHS = "$(inherited) @executable_path/Frameworks";
				PRODUCT_BUNDLE_IDENTIFIER = com.apolejDeveloper.ShareAndSki;
				PRODUCT_NAME = "$(TARGET_NAME)";
				SWIFT_VERSION = 4.2;
				TARGETED_DEVICE_FAMILY = "1,2";
			};
			name = Release;
		};
		8C7AA5704A8742224CA35BD4 /* Release */ = {
			isa = XCBuildConfiguration;
			buildSettings = {
				ALWAYS_SEARCH_USER_PATHS = NO;
				CLANG_ANALYZER_LOCALIZABILITY_NONLOCALIZED = YES;
				CLANG_ANALYZER_NONNULL = YES;
				CLANG_ANALYZER_NUMBER_OBJECT_CONVERSION = YES_AGGRESSIVE;
				CLANG_CXX_LANGUAGE_STANDARD = "gnu++14";
				CLANG_CXX_LIBRARY = "libc++";
				CLANG_ENABLE_MODULES = YES;
				CLANG_ENABLE_OBJC_ARC = YES;
				CLANG_ENABLE_OBJC_WEAK = YES;
				CLANG_WARN_BLOCK_CAPTURE_AUTORELEASING = YES;
				CLANG_WARN_BOOL_CONVERSION = YES;
				CLANG_WARN_COMMA = YES;
				CLANG_WARN_CONSTANT_CONVERSION = YES;
				CLANG_WARN_DEPRECATED_OBJC_IMPLEMENTATIONS = YES;
				CLANG_WARN_DIRECT_OBJC_ISA_USAGE = YES_ERROR;
				CLANG_WARN_DOCUMENTATION_COMMENTS = YES;
				CLANG_WARN_EMPTY_BODY = YES;
				CLANG_WARN_ENUM_CONVERSION = YES;
				CLANG_WARN_INFINITE_RECURSION = YES;
				CLANG_WARN_INT_CONVERSION = YES;
				CLANG_WARN_NON_LITERAL_NULL_CONVERSION = YES;
				CLANG_WARN_OBJC_IMPLICIT_RETAIN_SELF = YES;
				CLANG_WARN_OBJC_LITERAL_CONVERSION = YES;
				CLANG_WARN_OBJC_ROOT_CLASS = YES_ERROR;
				CLANG_WARN_RANGE_LOOP_ANALYSIS = YES;
				CLANG_WARN_STRICT_PROTOTYPES = YES;
				CLANG_WARN_SUSPICIOUS_MOVE = YES;
				CLANG_WARN_UNGUARDED_AVAILABILITY = YES_AGGRESSIVE;
				CLANG_WARN_UNREACHABLE_CODE = YES;
				CLANG_WARN__DUPLICATE_METHOD_MATCH = YES;
				CODE_SIGN_IDENTITY = "iPhone Developer";
				COPY_PHASE_STRIP = NO;
				DEBUG_INFORMATION_FORMAT = "dwarf-with-dsym";
				ENABLE_NS_ASSERTIONS = NO;
				ENABLE_STRICT_OBJC_MSGSEND = YES;
				GCC_C_LANGUAGE_STANDARD = gnu11;
				GCC_NO_COMMON_BLOCKS = YES;
				GCC_WARN_64_TO_32_BIT_CONVERSION = YES;
				GCC_WARN_ABOUT_RETURN_TYPE = YES_ERROR;
				GCC_WARN_UNDECLARED_SELECTOR = YES;
				GCC_WARN_UNINITIALIZED_AUTOS = YES_AGGRESSIVE;
				GCC_WARN_UNUSED_FUNCTION = YES;
				GCC_WARN_UNUSED_VARIABLE = YES;
				IPHONEOS_DEPLOYMENT_TARGET = 11.0;
				MTL_ENABLE_DEBUG_INFO = NO;
				MTL_FAST_MATH = YES;
				SDKROOT = iphoneos;
				SWIFT_OPTIMIZATION_LEVEL = "-Owholemodule";
				VALIDATE_PRODUCT = YES;
			};
			name = Release;
		};
		8C7AAC63E82DCC43B1D05F9F /* Debug */ = {
			isa = XCBuildConfiguration;
			baseConfigurationReference = 96FCFAA20A7B572B5BC036FD /* Pods-ShareAndSki.debug.xcconfig */;
			buildSettings = {
				ASSETCATALOG_COMPILER_APPICON_NAME = AppIcon;
				DEVELOPMENT_TEAM = L9ADMJK938;
				INFOPLIST_FILE = ShareAndSki/Info.plist;
				LD_RUNPATH_SEARCH_PATHS = "$(inherited) @executable_path/Frameworks";
				PRODUCT_BUNDLE_IDENTIFIER = com.apolejDeveloper.ShareAndSki;
				PRODUCT_NAME = "$(TARGET_NAME)";
				SWIFT_VERSION = 4.2;
				TARGETED_DEVICE_FAMILY = "1,2";
			};
			name = Debug;
		};
/* End XCBuildConfiguration section */

/* Begin XCConfigurationList section */
		7BFD5EF9225FA841009300A3 /* Build configuration list for PBXNativeTarget "ShareAndSkiTests" */ = {
			isa = XCConfigurationList;
			buildConfigurations = (
				7BFD5EF7225FA841009300A3 /* Debug */,
				7BFD5EF8225FA841009300A3 /* Release */,
			);
			defaultConfigurationIsVisible = 0;
			defaultConfigurationName = Release;
		};
		8C7AA1E419369764F9C45AE2 /* Build configuration list for PBXProject "ShareAndSki" */ = {
			isa = XCConfigurationList;
			buildConfigurations = (
				8C7AA2B4445E19A5A4CF5905 /* Debug */,
				8C7AA5704A8742224CA35BD4 /* Release */,
			);
			defaultConfigurationIsVisible = 0;
			defaultConfigurationName = Release;
		};
		8C7AAC2F88883BCEE57A41A4 /* Build configuration list for PBXNativeTarget "ShareAndSki" */ = {
			isa = XCConfigurationList;
			buildConfigurations = (
				8C7AAC63E82DCC43B1D05F9F /* Debug */,
				8C7AA2C0D399098708D96D25 /* Release */,
			);
			defaultConfigurationIsVisible = 0;
			defaultConfigurationName = Release;
		};
/* End XCConfigurationList section */
	};
	rootObject = 8C7AA976471065703E80E37B /* Project object */;
}
