// !$*UTF8*$!
{
	archiveVersion = 1;
	classes = {
	};
	objectVersion = 46;
	objects = {

/* Begin PBXBuildFile section */
		06E48C27A493F8197667DF35 /* Pods_ShareAndSki.framework in Frameworks */ = {isa = PBXBuildFile; fileRef = 8895A3C9C413E5B7546E73A1 /* Pods_ShareAndSki.framework */; };
		7B87E81E224AB901004C90D6 /* Assets.xcassets in Resources */ = {isa = PBXBuildFile; fileRef = 7B87E81D224AB901004C90D6 /* Assets.xcassets */; };
		7BD62319224AAC940099FEE5 /* Localizable.strings in Resources */ = {isa = PBXBuildFile; fileRef = 7BD62317224AAC940099FEE5 /* Localizable.strings */; };
		8C7AA0B1835B9454C47CF661 /* String+Localizable.swift in Sources */ = {isa = PBXBuildFile; fileRef = 8C7AA28B0F5B339A9BA195A6 /* String+Localizable.swift */; };
		8C7AA0B4952AF7FD137179BE /* PhoneNumberViewController.swift in Sources */ = {isa = PBXBuildFile; fileRef = 8C7AA84C02EA84C637E493EA /* PhoneNumberViewController.swift */; };
		8C7AA0E6E8183145CEA36763 /* FriendsViewModel.swift in Sources */ = {isa = PBXBuildFile; fileRef = 8C7AAB74064DC08700EF7019 /* FriendsViewModel.swift */; };
		8C7AA0FDAFBB0C7921E8DA66 /* GroupTableViewCell.swift in Sources */ = {isa = PBXBuildFile; fileRef = 8C7AAC87159845008F28655A /* GroupTableViewCell.swift */; };
		8C7AA2185CFCC3284130356A /* MainFlowController.swift in Sources */ = {isa = PBXBuildFile; fileRef = 8C7AA2440CB5E51073093316 /* MainFlowController.swift */; };
		8C7AA2C43D0E5F4EC0AAF2F4 /* GroupCellViewModel.swift in Sources */ = {isa = PBXBuildFile; fileRef = 8C7AAEA1D290CF19A4324EC0 /* GroupCellViewModel.swift */; };
		8C7AA3266023368BFE477A97 /* UIView.swift in Sources */ = {isa = PBXBuildFile; fileRef = 8C7AADBDFAFAE95A0A08601F /* UIView.swift */; };
		8C7AA35448EFBD5434A382C9 /* UserDetailsView.swift in Sources */ = {isa = PBXBuildFile; fileRef = 8C7AA65E3B2CC7618D40E164 /* UserDetailsView.swift */; };
		8C7AA35AF362938B4B296977 /* NetworkManager.swift in Sources */ = {isa = PBXBuildFile; fileRef = 8C7AA1C119279E7744FC2653 /* NetworkManager.swift */; };
		8C7AA398817913DBA6FECD1C /* SharingFriendsFloatingPanelLayout.swift in Sources */ = {isa = PBXBuildFile; fileRef = 8C7AA3136C1594CB65A70A6A /* SharingFriendsFloatingPanelLayout.swift */; };
		8C7AA4773C3AD7BC19E7C00F /* Repository.swift in Sources */ = {isa = PBXBuildFile; fileRef = 8C7AAD34777B410029D53EE5 /* Repository.swift */; };
		8C7AA4F6F9EA49456DE55A45 /* SmsCodeViewController.swift in Sources */ = {isa = PBXBuildFile; fileRef = 8C7AA4775F2457EB8747D729 /* SmsCodeViewController.swift */; };
		8C7AA5DFD61883F7E4E05002 /* MapViewController.swift in Sources */ = {isa = PBXBuildFile; fileRef = 8C7AADD65472BB55A47A7ACA /* MapViewController.swift */; };
		8C7AA6DF4E26084A16697627 /* FriendsTableViewController.swift in Sources */ = {isa = PBXBuildFile; fileRef = 8C7AA15EE018F02CBE3D94CE /* FriendsTableViewController.swift */; };
		8C7AA6FCCDAF2E16FBB497E9 /* FriendTableViewCell.swift in Sources */ = {isa = PBXBuildFile; fileRef = 8C7AAA610524B24FC267851A /* FriendTableViewCell.swift */; };
		8C7AA75707755A1974D13A02 /* LoginFlowController.swift in Sources */ = {isa = PBXBuildFile; fileRef = 8C7AA31633F42279AF7E2B17 /* LoginFlowController.swift */; };
		8C7AA7F859DBC1E4C0CA40A2 /* Group.swift in Sources */ = {isa = PBXBuildFile; fileRef = 8C7AA43F79CEFF0DA0E69DA8 /* Group.swift */; };
		8C7AA85BA1048FC735192643 /* MapView.swift in Sources */ = {isa = PBXBuildFile; fileRef = 8C7AA2677E5AF2B037C4B253 /* MapView.swift */; };
		8C7AA930104156250CF21673 /* Colors.swift in Sources */ = {isa = PBXBuildFile; fileRef = 8C7AA105BBBF27D021683185 /* Colors.swift */; };
		8C7AA933B50BA68CE3A3F242 /* FriendsRepository.swift in Sources */ = {isa = PBXBuildFile; fileRef = 8C7AAFB79D109E3FC854AB46 /* FriendsRepository.swift */; };
		8C7AA9EC5E5AA9EBAFFB6EA8 /* LaunchScreen.storyboard in Resources */ = {isa = PBXBuildFile; fileRef = 8C7AA059830CF7018581F622 /* LaunchScreen.storyboard */; };
		8C7AAA275B0D4D4CA17DE707 /* AppDelegate.swift in Sources */ = {isa = PBXBuildFile; fileRef = 8C7AAB486056B4436A8B659B /* AppDelegate.swift */; };
		8C7AAA4D4CCA9BB977A4B033 /* UserDetailsViewController.swift in Sources */ = {isa = PBXBuildFile; fileRef = 8C7AADAF166ECF221EC1F14F /* UserDetailsViewController.swift */; };
		8C7AAA7E2E512AC3DE1BC603 /* SmsCodeView.swift in Sources */ = {isa = PBXBuildFile; fileRef = 8C7AA6C22752717307CD26AA /* SmsCodeView.swift */; };
		8C7AAAD31F0FF4D95E69BB4E /* GroupRepository.swift in Sources */ = {isa = PBXBuildFile; fileRef = 8C7AA17E6C4BC1CBA2882BD5 /* GroupRepository.swift */; };
		8C7AAAF18F8FB5214B4E1F3F /* SharingFriendsView.swift in Sources */ = {isa = PBXBuildFile; fileRef = 8C7AA3FBBBDBA4F21FD6E5A7 /* SharingFriendsView.swift */; };
		8C7AAB489A97770F0C47B99A /* MainTabViewController.swift in Sources */ = {isa = PBXBuildFile; fileRef = 8C7AAE2C2E5A07DE7D70C6A9 /* MainTabViewController.swift */; };
		8C7AAB7D303A07EFCBD1E4ED /* FriendCellViewModel.swift in Sources */ = {isa = PBXBuildFile; fileRef = 8C7AA7BD5DCFEE09B4F1881F /* FriendCellViewModel.swift */; };
		8C7AAB8E8E563AA2DFEC8F81 /* PhoneNumberView.swift in Sources */ = {isa = PBXBuildFile; fileRef = 8C7AAC267053D61712C6BCA6 /* PhoneNumberView.swift */; };
		8C7AABDFC6806BF74DF8A048 /* UserRepository.swift in Sources */ = {isa = PBXBuildFile; fileRef = 8C7AA03A68E2016C0B9EEB9E /* UserRepository.swift */; };
		8C7AAC339E444BF9F08B2762 /* UIColor.swift in Sources */ = {isa = PBXBuildFile; fileRef = 8C7AA50B475F73EB9E849FE8 /* UIColor.swift */; };
		8C7AACC8719A6C8DFB063DC5 /* MapViewModel.swift in Sources */ = {isa = PBXBuildFile; fileRef = 8C7AA4A39C463CA7BCBFB7DA /* MapViewModel.swift */; };
		8C7AAD70DBB21604A0757B9E /* GroupTableViewController.swift in Sources */ = {isa = PBXBuildFile; fileRef = 8C7AAF1067DFFFB0E150BCF3 /* GroupTableViewController.swift */; };
		8C7AAF1F8B2CD8FBE6055C76 /* FlowController.swift in Sources */ = {isa = PBXBuildFile; fileRef = 8C7AAE6262780CCE160D8C82 /* FlowController.swift */; };
		8C7AAF7D1B0B5E686670D4E4 /* GroupViewModel.swift in Sources */ = {isa = PBXBuildFile; fileRef = 8C7AAC3678DDBA0F931B33BD /* GroupViewModel.swift */; };
		8C7AAFA8D8B242B9D9B1A187 /* Friend.swift in Sources */ = {isa = PBXBuildFile; fileRef = 8C7AAACC16E4C42AB139DBF1 /* Friend.swift */; };
/* End PBXBuildFile section */

/* Begin PBXFileReference section */
		7B87E81D224AB901004C90D6 /* Assets.xcassets */ = {isa = PBXFileReference; lastKnownFileType = folder.assetcatalog; path = Assets.xcassets; sourceTree = "<group>"; };
		7BD62309224A8F3A0099FEE5 /* Base */ = {isa = PBXFileReference; lastKnownFileType = file.storyboard; name = Base; path = Base.lproj/LaunchScreen.storyboard; sourceTree = "<group>"; };
		7BD6230E224AABD20099FEE5 /* pl */ = {isa = PBXFileReference; lastKnownFileType = text.plist.strings; name = pl; path = pl.lproj/LaunchScreen.strings; sourceTree = "<group>"; };
		7BD62318224AAC940099FEE5 /* Base */ = {isa = PBXFileReference; lastKnownFileType = text.plist.strings; name = Base; path = Base.lproj/Localizable.strings; sourceTree = "<group>"; };
		7BD6231A224AAC970099FEE5 /* pl */ = {isa = PBXFileReference; lastKnownFileType = text.plist.strings; name = pl; path = pl.lproj/Localizable.strings; sourceTree = "<group>"; };
		8895A3C9C413E5B7546E73A1 /* Pods_ShareAndSki.framework */ = {isa = PBXFileReference; explicitFileType = wrapper.framework; includeInIndex = 0; path = Pods_ShareAndSki.framework; sourceTree = BUILT_PRODUCTS_DIR; };
		8C7AA03A68E2016C0B9EEB9E /* UserRepository.swift */ = {isa = PBXFileReference; fileEncoding = 4; lastKnownFileType = sourcecode.swift; path = UserRepository.swift; sourceTree = "<group>"; };
		8C7AA0B824956A903292214B /* ShareAndSki.app */ = {isa = PBXFileReference; explicitFileType = wrapper.application; includeInIndex = 0; path = ShareAndSki.app; sourceTree = BUILT_PRODUCTS_DIR; };
		8C7AA105BBBF27D021683185 /* Colors.swift */ = {isa = PBXFileReference; fileEncoding = 4; lastKnownFileType = sourcecode.swift; path = Colors.swift; sourceTree = "<group>"; };
		8C7AA15EE018F02CBE3D94CE /* FriendsTableViewController.swift */ = {isa = PBXFileReference; fileEncoding = 4; lastKnownFileType = sourcecode.swift; path = FriendsTableViewController.swift; sourceTree = "<group>"; };
		8C7AA17E6C4BC1CBA2882BD5 /* GroupRepository.swift */ = {isa = PBXFileReference; fileEncoding = 4; lastKnownFileType = sourcecode.swift; path = GroupRepository.swift; sourceTree = "<group>"; };
		8C7AA1C119279E7744FC2653 /* NetworkManager.swift */ = {isa = PBXFileReference; fileEncoding = 4; lastKnownFileType = sourcecode.swift; path = NetworkManager.swift; sourceTree = "<group>"; };
		8C7AA2440CB5E51073093316 /* MainFlowController.swift */ = {isa = PBXFileReference; fileEncoding = 4; lastKnownFileType = sourcecode.swift; path = MainFlowController.swift; sourceTree = "<group>"; };
		8C7AA2677E5AF2B037C4B253 /* MapView.swift */ = {isa = PBXFileReference; fileEncoding = 4; lastKnownFileType = sourcecode.swift; path = MapView.swift; sourceTree = "<group>"; };
		8C7AA28B0F5B339A9BA195A6 /* String+Localizable.swift */ = {isa = PBXFileReference; fileEncoding = 4; lastKnownFileType = sourcecode.swift; path = "String+Localizable.swift"; sourceTree = "<group>"; };
		8C7AA3136C1594CB65A70A6A /* SharingFriendsFloatingPanelLayout.swift */ = {isa = PBXFileReference; fileEncoding = 4; lastKnownFileType = sourcecode.swift; path = SharingFriendsFloatingPanelLayout.swift; sourceTree = "<group>"; };
		8C7AA31633F42279AF7E2B17 /* LoginFlowController.swift */ = {isa = PBXFileReference; fileEncoding = 4; lastKnownFileType = sourcecode.swift; path = LoginFlowController.swift; sourceTree = "<group>"; };
		8C7AA3FBBBDBA4F21FD6E5A7 /* SharingFriendsView.swift */ = {isa = PBXFileReference; fileEncoding = 4; lastKnownFileType = sourcecode.swift; path = SharingFriendsView.swift; sourceTree = "<group>"; };
		8C7AA43F79CEFF0DA0E69DA8 /* Group.swift */ = {isa = PBXFileReference; fileEncoding = 4; lastKnownFileType = sourcecode.swift; path = Group.swift; sourceTree = "<group>"; };
		8C7AA4775F2457EB8747D729 /* SmsCodeViewController.swift */ = {isa = PBXFileReference; fileEncoding = 4; lastKnownFileType = sourcecode.swift; path = SmsCodeViewController.swift; sourceTree = "<group>"; };
		8C7AA4A39C463CA7BCBFB7DA /* MapViewModel.swift */ = {isa = PBXFileReference; fileEncoding = 4; lastKnownFileType = sourcecode.swift; path = MapViewModel.swift; sourceTree = "<group>"; };
		8C7AA50B475F73EB9E849FE8 /* UIColor.swift */ = {isa = PBXFileReference; fileEncoding = 4; lastKnownFileType = sourcecode.swift; path = UIColor.swift; sourceTree = "<group>"; };
		8C7AA65E3B2CC7618D40E164 /* UserDetailsView.swift */ = {isa = PBXFileReference; fileEncoding = 4; lastKnownFileType = sourcecode.swift; path = UserDetailsView.swift; sourceTree = "<group>"; };
		8C7AA6C22752717307CD26AA /* SmsCodeView.swift */ = {isa = PBXFileReference; fileEncoding = 4; lastKnownFileType = sourcecode.swift; path = SmsCodeView.swift; sourceTree = "<group>"; };
		8C7AA7BD5DCFEE09B4F1881F /* FriendCellViewModel.swift */ = {isa = PBXFileReference; fileEncoding = 4; lastKnownFileType = sourcecode.swift; path = FriendCellViewModel.swift; sourceTree = "<group>"; };
		8C7AA84C02EA84C637E493EA /* PhoneNumberViewController.swift */ = {isa = PBXFileReference; fileEncoding = 4; lastKnownFileType = sourcecode.swift; path = PhoneNumberViewController.swift; sourceTree = "<group>"; };
		8C7AAA610524B24FC267851A /* FriendTableViewCell.swift */ = {isa = PBXFileReference; fileEncoding = 4; lastKnownFileType = sourcecode.swift; path = FriendTableViewCell.swift; sourceTree = "<group>"; };
		8C7AAACC16E4C42AB139DBF1 /* Friend.swift */ = {isa = PBXFileReference; fileEncoding = 4; lastKnownFileType = sourcecode.swift; path = Friend.swift; sourceTree = "<group>"; };
		8C7AAB486056B4436A8B659B /* AppDelegate.swift */ = {isa = PBXFileReference; lastKnownFileType = sourcecode.swift; path = AppDelegate.swift; sourceTree = "<group>"; };
		8C7AAB74064DC08700EF7019 /* FriendsViewModel.swift */ = {isa = PBXFileReference; fileEncoding = 4; lastKnownFileType = sourcecode.swift; path = FriendsViewModel.swift; sourceTree = "<group>"; };
		8C7AAC267053D61712C6BCA6 /* PhoneNumberView.swift */ = {isa = PBXFileReference; fileEncoding = 4; lastKnownFileType = sourcecode.swift; path = PhoneNumberView.swift; sourceTree = "<group>"; };
		8C7AAC3678DDBA0F931B33BD /* GroupViewModel.swift */ = {isa = PBXFileReference; fileEncoding = 4; lastKnownFileType = sourcecode.swift; path = GroupViewModel.swift; sourceTree = "<group>"; };
		8C7AAC87159845008F28655A /* GroupTableViewCell.swift */ = {isa = PBXFileReference; fileEncoding = 4; lastKnownFileType = sourcecode.swift; path = GroupTableViewCell.swift; sourceTree = "<group>"; };
		8C7AAD34777B410029D53EE5 /* Repository.swift */ = {isa = PBXFileReference; fileEncoding = 4; lastKnownFileType = sourcecode.swift; path = Repository.swift; sourceTree = "<group>"; };
		8C7AADAF166ECF221EC1F14F /* UserDetailsViewController.swift */ = {isa = PBXFileReference; fileEncoding = 4; lastKnownFileType = sourcecode.swift; path = UserDetailsViewController.swift; sourceTree = "<group>"; };
		8C7AADBDFAFAE95A0A08601F /* UIView.swift */ = {isa = PBXFileReference; fileEncoding = 4; lastKnownFileType = sourcecode.swift; path = UIView.swift; sourceTree = "<group>"; };
		8C7AADD65472BB55A47A7ACA /* MapViewController.swift */ = {isa = PBXFileReference; fileEncoding = 4; lastKnownFileType = sourcecode.swift; path = MapViewController.swift; sourceTree = "<group>"; };
		8C7AAE2C2E5A07DE7D70C6A9 /* MainTabViewController.swift */ = {isa = PBXFileReference; fileEncoding = 4; lastKnownFileType = sourcecode.swift; path = MainTabViewController.swift; sourceTree = "<group>"; };
		8C7AAE6262780CCE160D8C82 /* FlowController.swift */ = {isa = PBXFileReference; fileEncoding = 4; lastKnownFileType = sourcecode.swift; path = FlowController.swift; sourceTree = "<group>"; };
		8C7AAEA1D290CF19A4324EC0 /* GroupCellViewModel.swift */ = {isa = PBXFileReference; fileEncoding = 4; lastKnownFileType = sourcecode.swift; path = GroupCellViewModel.swift; sourceTree = "<group>"; };
		8C7AAF1067DFFFB0E150BCF3 /* GroupTableViewController.swift */ = {isa = PBXFileReference; fileEncoding = 4; lastKnownFileType = sourcecode.swift; path = GroupTableViewController.swift; sourceTree = "<group>"; };
		8C7AAF59A9224F6B880D3FD3 /* Info.plist */ = {isa = PBXFileReference; lastKnownFileType = text.plist.info; path = Info.plist; sourceTree = "<group>"; };
		8C7AAFB79D109E3FC854AB46 /* FriendsRepository.swift */ = {isa = PBXFileReference; fileEncoding = 4; lastKnownFileType = sourcecode.swift; path = FriendsRepository.swift; sourceTree = "<group>"; };
		96FCFAA20A7B572B5BC036FD /* Pods-ShareAndSki.debug.xcconfig */ = {isa = PBXFileReference; includeInIndex = 1; lastKnownFileType = text.xcconfig; name = "Pods-ShareAndSki.debug.xcconfig"; path = "Pods/Target Support Files/Pods-ShareAndSki/Pods-ShareAndSki.debug.xcconfig"; sourceTree = "<group>"; };
		F7FE59393CBBFEBEDFF9976A /* Pods-ShareAndSki.release.xcconfig */ = {isa = PBXFileReference; includeInIndex = 1; lastKnownFileType = text.xcconfig; name = "Pods-ShareAndSki.release.xcconfig"; path = "Pods/Target Support Files/Pods-ShareAndSki/Pods-ShareAndSki.release.xcconfig"; sourceTree = "<group>"; };
/* End PBXFileReference section */

/* Begin PBXFrameworksBuildPhase section */
		8C7AA91C4E8FBA80EE75B2B2 /* Frameworks */ = {
			isa = PBXFrameworksBuildPhase;
			buildActionMask = 2147483647;
			files = (
				06E48C27A493F8197667DF35 /* Pods_ShareAndSki.framework in Frameworks */,
			);
			runOnlyForDeploymentPostprocessing = 0;
		};
/* End PBXFrameworksBuildPhase section */

/* Begin PBXGroup section */
		10C7EB267DFEAB22A1306B0C /* Frameworks */ = {
			isa = PBXGroup;
			children = (
				8895A3C9C413E5B7546E73A1 /* Pods_ShareAndSki.framework */,
			);
			name = Frameworks;
			sourceTree = "<group>";
		};
		8C7AA0AB7FB12D17F971F0CF /* Services */ = {
			isa = PBXGroup;
			children = (
			);
			path = Services;
			sourceTree = "<group>";
		};
		8C7AA0CF2D43BCF8AD6C25B2 /* ShareAndSki */ = {
			isa = PBXGroup;
			children = (
				7B87E81D224AB901004C90D6 /* Assets.xcassets */,
				8C7AAF59A9224F6B880D3FD3 /* Info.plist */,
				8C7AA059830CF7018581F622 /* LaunchScreen.storyboard */,
				8C7AAB486056B4436A8B659B /* AppDelegate.swift */,
				8C7AAE2C2E5A07DE7D70C6A9 /* MainTabViewController.swift */,
				8C7AA42A280CF009DD28FFD4 /* Extensions */,
				8C7AA87E436AC6ED83B092B8 /* Utils */,
				7BD62317224AAC940099FEE5 /* Localizable.strings */,
				8C7AA1B709C5E2FC8C72D128 /* Friends */,
				8C7AA155FDDEDD4275E3BC74 /* Map */,
				8C7AA9FD4F5A891F62FD7B10 /* Network */,
				8C7AA0AB7FB12D17F971F0CF /* Services */,
				8C7AA5DB2EA5E274EF9BCECE /* Group */,
				8C7AAD7CE8507C24F56B627D /* FlowControllers */,
				8C7AAF02A50E4A2C27289F2D /* Login */,
				8C7AA8A5D63D39B47E09934A /* Repositories */,
			);
			path = ShareAndSki;
			sourceTree = "<group>";
		};
		8C7AA155FDDEDD4275E3BC74 /* Map */ = {
			isa = PBXGroup;
			children = (
				8C7AADD65472BB55A47A7ACA /* MapViewController.swift */,
				8C7AA4A39C463CA7BCBFB7DA /* MapViewModel.swift */,
				8C7AA2677E5AF2B037C4B253 /* MapView.swift */,
				8C7AA3FBBBDBA4F21FD6E5A7 /* SharingFriendsView.swift */,
				8C7AA3136C1594CB65A70A6A /* SharingFriendsFloatingPanelLayout.swift */,
			);
			path = Map;
			sourceTree = "<group>";
		};
		8C7AA1B709C5E2FC8C72D128 /* Friends */ = {
			isa = PBXGroup;
			children = (
				8C7AA15EE018F02CBE3D94CE /* FriendsTableViewController.swift */,
				8C7AAB74064DC08700EF7019 /* FriendsViewModel.swift */,
				8C7AAACC16E4C42AB139DBF1 /* Friend.swift */,
				8C7AAA610524B24FC267851A /* FriendTableViewCell.swift */,
				8C7AA7BD5DCFEE09B4F1881F /* FriendCellViewModel.swift */,
			);
			path = Friends;
			sourceTree = "<group>";
		};
		8C7AA1C6475EE49BCB508320 /* Products */ = {
			isa = PBXGroup;
			children = (
				8C7AA0B824956A903292214B /* ShareAndSki.app */,
			);
			name = Products;
			sourceTree = "<group>";
		};
		8C7AA42A280CF009DD28FFD4 /* Extensions */ = {
			isa = PBXGroup;
			children = (
				8C7AA28B0F5B339A9BA195A6 /* String+Localizable.swift */,
				8C7AA50B475F73EB9E849FE8 /* UIColor.swift */,
				8C7AADBDFAFAE95A0A08601F /* UIView.swift */,
			);
			path = Extensions;
			sourceTree = "<group>";
		};
		8C7AA5DB2EA5E274EF9BCECE /* Group */ = {
			isa = PBXGroup;
			children = (
				8C7AAF1067DFFFB0E150BCF3 /* GroupTableViewController.swift */,
				8C7AAC3678DDBA0F931B33BD /* GroupViewModel.swift */,
				8C7AA43F79CEFF0DA0E69DA8 /* Group.swift */,
				8C7AAC87159845008F28655A /* GroupTableViewCell.swift */,
				8C7AAEA1D290CF19A4324EC0 /* GroupCellViewModel.swift */,
			);
			path = Group;
			sourceTree = "<group>";
		};
		8C7AA7646BEDEAC7C5839A49 = {
			isa = PBXGroup;
			children = (
				8C7AA1C6475EE49BCB508320 /* Products */,
				8C7AA0CF2D43BCF8AD6C25B2 /* ShareAndSki */,
				B5DDBB16A5EF90A32E64C00E /* Pods */,
				10C7EB267DFEAB22A1306B0C /* Frameworks */,
			);
			sourceTree = "<group>";
		};
		8C7AA87E436AC6ED83B092B8 /* Utils */ = {
			isa = PBXGroup;
			children = (
				8C7AA105BBBF27D021683185 /* Colors.swift */,
			);
			path = Utils;
			sourceTree = "<group>";
		};
		8C7AA8A5D63D39B47E09934A /* Repositories */ = {
			isa = PBXGroup;
			children = (
				8C7AA03A68E2016C0B9EEB9E /* UserRepository.swift */,
				8C7AAFB79D109E3FC854AB46 /* FriendsRepository.swift */,
				8C7AA17E6C4BC1CBA2882BD5 /* GroupRepository.swift */,
				8C7AAD34777B410029D53EE5 /* Repository.swift */,
			);
			path = Repositories;
			sourceTree = "<group>";
		};
		8C7AA9FD4F5A891F62FD7B10 /* Network */ = {
			isa = PBXGroup;
			children = (
				8C7AA1C119279E7744FC2653 /* NetworkManager.swift */,
			);
			path = Network;
			sourceTree = "<group>";
		};
		8C7AAD7CE8507C24F56B627D /* FlowControllers */ = {
			isa = PBXGroup;
			children = (
				8C7AA2440CB5E51073093316 /* MainFlowController.swift */,
				8C7AA31633F42279AF7E2B17 /* LoginFlowController.swift */,
				8C7AAE6262780CCE160D8C82 /* FlowController.swift */,
			);
			path = FlowControllers;
			sourceTree = "<group>";
		};
		8C7AAF02A50E4A2C27289F2D /* Login */ = {
			isa = PBXGroup;
			children = (
				8C7AA84C02EA84C637E493EA /* PhoneNumberViewController.swift */,
				8C7AAC267053D61712C6BCA6 /* PhoneNumberView.swift */,
				8C7AA4775F2457EB8747D729 /* SmsCodeViewController.swift */,
				8C7AA6C22752717307CD26AA /* SmsCodeView.swift */,
				8C7AADAF166ECF221EC1F14F /* UserDetailsViewController.swift */,
				8C7AA65E3B2CC7618D40E164 /* UserDetailsView.swift */,
			);
			path = Login;
			sourceTree = "<group>";
		};
		B5DDBB16A5EF90A32E64C00E /* Pods */ = {
			isa = PBXGroup;
			children = (
				96FCFAA20A7B572B5BC036FD /* Pods-ShareAndSki.debug.xcconfig */,
				F7FE59393CBBFEBEDFF9976A /* Pods-ShareAndSki.release.xcconfig */,
			);
			name = Pods;
			sourceTree = "<group>";
		};
/* End PBXGroup section */

/* Begin PBXNativeTarget section */
		8C7AA118519474720DD3566A /* ShareAndSki */ = {
			isa = PBXNativeTarget;
			buildConfigurationList = 8C7AAC2F88883BCEE57A41A4 /* Build configuration list for PBXNativeTarget "ShareAndSki" */;
			buildPhases = (
				72FB08785C7DD621C71BC297 /* [CP] Check Pods Manifest.lock */,
				8C7AAD8D9047D1E9AA945D3A /* Sources */,
				8C7AA91C4E8FBA80EE75B2B2 /* Frameworks */,
				8C7AA9C5C7D78ECCE1C8F606 /* Resources */,
				99A0C63F2B7DB9760B8FE88D /* [CP] Embed Pods Frameworks */,
			);
			buildRules = (
			);
			dependencies = (
			);
			name = ShareAndSki;
			productName = ShareAndSki;
			productReference = 8C7AA0B824956A903292214B /* ShareAndSki.app */;
			productType = "com.apple.product-type.application";
		};
/* End PBXNativeTarget section */

/* Begin PBXProject section */
		8C7AA976471065703E80E37B /* Project object */ = {
			isa = PBXProject;
			attributes = {
				ORGANIZATIONNAME = "Apolej Developer";
			};
			buildConfigurationList = 8C7AA1E419369764F9C45AE2 /* Build configuration list for PBXProject "ShareAndSki" */;
			compatibilityVersion = "Xcode 3.2";
			developmentRegion = English;
			hasScannedForEncodings = 0;
			knownRegions = (
				en,
				Base,
				pl,
			);
			mainGroup = 8C7AA7646BEDEAC7C5839A49;
			productRefGroup = 8C7AA1C6475EE49BCB508320 /* Products */;
			projectDirPath = "";
			projectRoot = "";
			targets = (
				8C7AA118519474720DD3566A /* ShareAndSki */,
			);
		};
/* End PBXProject section */

/* Begin PBXResourcesBuildPhase section */
		8C7AA9C5C7D78ECCE1C8F606 /* Resources */ = {
			isa = PBXResourcesBuildPhase;
			buildActionMask = 2147483647;
			files = (
				7BD62319224AAC940099FEE5 /* Localizable.strings in Resources */,
				7B87E81E224AB901004C90D6 /* Assets.xcassets in Resources */,
				8C7AA9EC5E5AA9EBAFFB6EA8 /* LaunchScreen.storyboard in Resources */,
			);
			runOnlyForDeploymentPostprocessing = 0;
		};
/* End PBXResourcesBuildPhase section */

/* Begin PBXShellScriptBuildPhase section */
		72FB08785C7DD621C71BC297 /* [CP] Check Pods Manifest.lock */ = {
			isa = PBXShellScriptBuildPhase;
			buildActionMask = 2147483647;
			files = (
			);
			inputFileListPaths = (
			);
			inputPaths = (
				"${PODS_PODFILE_DIR_PATH}/Podfile.lock",
				"${PODS_ROOT}/Manifest.lock",
			);
			name = "[CP] Check Pods Manifest.lock";
			outputFileListPaths = (
			);
			outputPaths = (
				"$(DERIVED_FILE_DIR)/Pods-ShareAndSki-checkManifestLockResult.txt",
			);
			runOnlyForDeploymentPostprocessing = 0;
			shellPath = /bin/sh;
			shellScript = "diff \"${PODS_PODFILE_DIR_PATH}/Podfile.lock\" \"${PODS_ROOT}/Manifest.lock\" > /dev/null\nif [ $? != 0 ] ; then\n    # print error to STDERR\n    echo \"error: The sandbox is not in sync with the Podfile.lock. Run 'pod install' or update your CocoaPods installation.\" >&2\n    exit 1\nfi\n# This output is used by Xcode 'outputs' to avoid re-running this script phase.\necho \"SUCCESS\" > \"${SCRIPT_OUTPUT_FILE_0}\"\n";
			showEnvVarsInLog = 0;
		};
		99A0C63F2B7DB9760B8FE88D /* [CP] Embed Pods Frameworks */ = {
			isa = PBXShellScriptBuildPhase;
			buildActionMask = 2147483647;
			files = (
			);
			inputFileListPaths = (
			);
			inputPaths = (
				"${SRCROOT}/Pods/Target Support Files/Pods-ShareAndSki/Pods-ShareAndSki-frameworks.sh",
				"${BUILT_PRODUCTS_DIR}/Alamofire/Alamofire.framework",
				"${BUILT_PRODUCTS_DIR}/FlagPhoneNumber/FlagPhoneNumber.framework",
				"${BUILT_PRODUCTS_DIR}/FloatingPanel/FloatingPanel.framework",
				"${BUILT_PRODUCTS_DIR}/ObjectMapper/ObjectMapper.framework",
				"${BUILT_PRODUCTS_DIR}/SnapKit/SnapKit.framework",
				"${BUILT_PRODUCTS_DIR}/SwiftyBeaver/SwiftyBeaver.framework",
				"${BUILT_PRODUCTS_DIR}/libPhoneNumber-iOS/libPhoneNumber_iOS.framework",
			);
			name = "[CP] Embed Pods Frameworks";
			outputFileListPaths = (
			);
			outputPaths = (
				"${TARGET_BUILD_DIR}/${FRAMEWORKS_FOLDER_PATH}/Alamofire.framework",
				"${TARGET_BUILD_DIR}/${FRAMEWORKS_FOLDER_PATH}/FlagPhoneNumber.framework",
				"${TARGET_BUILD_DIR}/${FRAMEWORKS_FOLDER_PATH}/FloatingPanel.framework",
				"${TARGET_BUILD_DIR}/${FRAMEWORKS_FOLDER_PATH}/ObjectMapper.framework",
				"${TARGET_BUILD_DIR}/${FRAMEWORKS_FOLDER_PATH}/SnapKit.framework",
				"${TARGET_BUILD_DIR}/${FRAMEWORKS_FOLDER_PATH}/SwiftyBeaver.framework",
				"${TARGET_BUILD_DIR}/${FRAMEWORKS_FOLDER_PATH}/libPhoneNumber_iOS.framework",
			);
			runOnlyForDeploymentPostprocessing = 0;
			shellPath = /bin/sh;
			shellScript = "\"${SRCROOT}/Pods/Target Support Files/Pods-ShareAndSki/Pods-ShareAndSki-frameworks.sh\"\n";
			showEnvVarsInLog = 0;
		};
/* End PBXShellScriptBuildPhase section */

/* Begin PBXSourcesBuildPhase section */
		8C7AAD8D9047D1E9AA945D3A /* Sources */ = {
			isa = PBXSourcesBuildPhase;
			buildActionMask = 2147483647;
			files = (
				8C7AAA275B0D4D4CA17DE707 /* AppDelegate.swift in Sources */,
				8C7AAB489A97770F0C47B99A /* MainTabViewController.swift in Sources */,
				8C7AA0B1835B9454C47CF661 /* String+Localizable.swift in Sources */,
				8C7AA930104156250CF21673 /* Colors.swift in Sources */,
				8C7AAC339E444BF9F08B2762 /* UIColor.swift in Sources */,
				8C7AA3266023368BFE477A97 /* UIView.swift in Sources */,
				8C7AA5DFD61883F7E4E05002 /* MapViewController.swift in Sources */,
				8C7AACC8719A6C8DFB063DC5 /* MapViewModel.swift in Sources */,
				8C7AA85BA1048FC735192643 /* MapView.swift in Sources */,
				8C7AA6DF4E26084A16697627 /* FriendsTableViewController.swift in Sources */,
				8C7AA0E6E8183145CEA36763 /* FriendsViewModel.swift in Sources */,
				8C7AAFA8D8B242B9D9B1A187 /* Friend.swift in Sources */,
				8C7AAD70DBB21604A0757B9E /* GroupTableViewController.swift in Sources */,
				8C7AAF7D1B0B5E686670D4E4 /* GroupViewModel.swift in Sources */,
				8C7AA7F859DBC1E4C0CA40A2 /* Group.swift in Sources */,
				8C7AAAF18F8FB5214B4E1F3F /* SharingFriendsView.swift in Sources */,
				8C7AA398817913DBA6FECD1C /* SharingFriendsFloatingPanelLayout.swift in Sources */,
				8C7AA6FCCDAF2E16FBB497E9 /* FriendTableViewCell.swift in Sources */,
				8C7AAB7D303A07EFCBD1E4ED /* FriendCellViewModel.swift in Sources */,
				8C7AA0FDAFBB0C7921E8DA66 /* GroupTableViewCell.swift in Sources */,
				8C7AA2C43D0E5F4EC0AAF2F4 /* GroupCellViewModel.swift in Sources */,
				8C7AA2185CFCC3284130356A /* MainFlowController.swift in Sources */,
				8C7AA75707755A1974D13A02 /* LoginFlowController.swift in Sources */,
				8C7AAF1F8B2CD8FBE6055C76 /* FlowController.swift in Sources */,
				8C7AA0B4952AF7FD137179BE /* PhoneNumberViewController.swift in Sources */,
				8C7AAB8E8E563AA2DFEC8F81 /* PhoneNumberView.swift in Sources */,
				8C7AA4F6F9EA49456DE55A45 /* SmsCodeViewController.swift in Sources */,
				8C7AAA7E2E512AC3DE1BC603 /* SmsCodeView.swift in Sources */,
				8C7AAA4D4CCA9BB977A4B033 /* UserDetailsViewController.swift in Sources */,
				8C7AA35448EFBD5434A382C9 /* UserDetailsView.swift in Sources */,
				8C7AA35AF362938B4B296977 /* NetworkManager.swift in Sources */,
				8C7AABDFC6806BF74DF8A048 /* UserRepository.swift in Sources */,
				8C7AA933B50BA68CE3A3F242 /* FriendsRepository.swift in Sources */,
				8C7AAAD31F0FF4D95E69BB4E /* GroupRepository.swift in Sources */,
				8C7AA4773C3AD7BC19E7C00F /* Repository.swift in Sources */,
			);
			runOnlyForDeploymentPostprocessing = 0;
		};
/* End PBXSourcesBuildPhase section */

/* Begin PBXVariantGroup section */
		7BD62317224AAC940099FEE5 /* Localizable.strings */ = {
			isa = PBXVariantGroup;
			children = (
				7BD62318224AAC940099FEE5 /* Base */,
				7BD6231A224AAC970099FEE5 /* pl */,
			);
			name = Localizable.strings;
			sourceTree = "<group>";
		};
		8C7AA059830CF7018581F622 /* LaunchScreen.storyboard */ = {
			isa = PBXVariantGroup;
			children = (
				7BD62309224A8F3A0099FEE5 /* Base */,
				7BD6230E224AABD20099FEE5 /* pl */,
			);
			name = LaunchScreen.storyboard;
			sourceTree = "<group>";
		};
/* End PBXVariantGroup section */

/* Begin XCBuildConfiguration section */
		8C7AA2B4445E19A5A4CF5905 /* Debug */ = {
			isa = XCBuildConfiguration;
			buildSettings = {
				ALWAYS_SEARCH_USER_PATHS = NO;
				CLANG_ANALYZER_LOCALIZABILITY_NONLOCALIZED = YES;
				CLANG_ANALYZER_NONNULL = YES;
				CLANG_ANALYZER_NUMBER_OBJECT_CONVERSION = YES_AGGRESSIVE;
				CLANG_CXX_LANGUAGE_STANDARD = "gnu++14";
				CLANG_CXX_LIBRARY = "libc++";
				CLANG_ENABLE_MODULES = YES;
				CLANG_ENABLE_OBJC_ARC = YES;
				CLANG_ENABLE_OBJC_WEAK = YES;
				CLANG_WARN_BLOCK_CAPTURE_AUTORELEASING = YES;
				CLANG_WARN_BOOL_CONVERSION = YES;
				CLANG_WARN_COMMA = YES;
				CLANG_WARN_CONSTANT_CONVERSION = YES;
				CLANG_WARN_DEPRECATED_OBJC_IMPLEMENTATIONS = YES;
				CLANG_WARN_DIRECT_OBJC_ISA_USAGE = YES_ERROR;
				CLANG_WARN_DOCUMENTATION_COMMENTS = YES;
				CLANG_WARN_EMPTY_BODY = YES;
				CLANG_WARN_ENUM_CONVERSION = YES;
				CLANG_WARN_INFINITE_RECURSION = YES;
				CLANG_WARN_INT_CONVERSION = YES;
				CLANG_WARN_NON_LITERAL_NULL_CONVERSION = YES;
				CLANG_WARN_OBJC_IMPLICIT_RETAIN_SELF = YES;
				CLANG_WARN_OBJC_LITERAL_CONVERSION = YES;
				CLANG_WARN_OBJC_ROOT_CLASS = YES_ERROR;
				CLANG_WARN_RANGE_LOOP_ANALYSIS = YES;
				CLANG_WARN_STRICT_PROTOTYPES = YES;
				CLANG_WARN_SUSPICIOUS_MOVE = YES;
				CLANG_WARN_UNGUARDED_AVAILABILITY = YES_AGGRESSIVE;
				CLANG_WARN_UNREACHABLE_CODE = YES;
				CLANG_WARN__DUPLICATE_METHOD_MATCH = YES;
				CODE_SIGN_IDENTITY = "iPhone Developer";
				COPY_PHASE_STRIP = NO;
				DEBUG_INFORMATION_FORMAT = dwarf;
				ENABLE_STRICT_OBJC_MSGSEND = YES;
				ENABLE_TESTABILITY = YES;
				GCC_C_LANGUAGE_STANDARD = gnu11;
				GCC_DYNAMIC_NO_PIC = NO;
				GCC_NO_COMMON_BLOCKS = YES;
				GCC_OPTIMIZATION_LEVEL = 0;
				GCC_PREPROCESSOR_DEFINITIONS = (
					"DEBUG=1",
					"$(inherited)",
				);
				GCC_WARN_64_TO_32_BIT_CONVERSION = YES;
				GCC_WARN_ABOUT_RETURN_TYPE = YES_ERROR;
				GCC_WARN_UNDECLARED_SELECTOR = YES;
				GCC_WARN_UNINITIALIZED_AUTOS = YES_AGGRESSIVE;
				GCC_WARN_UNUSED_FUNCTION = YES;
				GCC_WARN_UNUSED_VARIABLE = YES;
				IPHONEOS_DEPLOYMENT_TARGET = 11.0;
				MTL_ENABLE_DEBUG_INFO = INCLUDE_SOURCE;
				MTL_FAST_MATH = YES;
				ONLY_ACTIVE_ARCH = YES;
				SDKROOT = iphoneos;
				SWIFT_ACTIVE_COMPILATION_CONDITIONS = DEBUG;
				SWIFT_OPTIMIZATION_LEVEL = "-Onone";
			};
			name = Debug;
		};
		8C7AA2C0D399098708D96D25 /* Release */ = {
			isa = XCBuildConfiguration;
			baseConfigurationReference = F7FE59393CBBFEBEDFF9976A /* Pods-ShareAndSki.release.xcconfig */;
			buildSettings = {
				ASSETCATALOG_COMPILER_APPICON_NAME = AppIcon;
				INFOPLIST_FILE = ShareAndSki/Info.plist;
				LD_RUNPATH_SEARCH_PATHS = "$(inherited) @executable_path/Frameworks";
				PRODUCT_BUNDLE_IDENTIFIER = com.apolejDeveloper.ShareAndSki;
				PRODUCT_NAME = "$(TARGET_NAME)";
				SWIFT_VERSION = 4.2;
				TARGETED_DEVICE_FAMILY = "1,2";
			};
			name = Release;
		};
		8C7AA5704A8742224CA35BD4 /* Release */ = {
			isa = XCBuildConfiguration;
			buildSettings = {
				ALWAYS_SEARCH_USER_PATHS = NO;
				CLANG_ANALYZER_LOCALIZABILITY_NONLOCALIZED = YES;
				CLANG_ANALYZER_NONNULL = YES;
				CLANG_ANALYZER_NUMBER_OBJECT_CONVERSION = YES_AGGRESSIVE;
				CLANG_CXX_LANGUAGE_STANDARD = "gnu++14";
				CLANG_CXX_LIBRARY = "libc++";
				CLANG_ENABLE_MODULES = YES;
				CLANG_ENABLE_OBJC_ARC = YES;
				CLANG_ENABLE_OBJC_WEAK = YES;
				CLANG_WARN_BLOCK_CAPTURE_AUTORELEASING = YES;
				CLANG_WARN_BOOL_CONVERSION = YES;
				CLANG_WARN_COMMA = YES;
				CLANG_WARN_CONSTANT_CONVERSION = YES;
				CLANG_WARN_DEPRECATED_OBJC_IMPLEMENTATIONS = YES;
				CLANG_WARN_DIRECT_OBJC_ISA_USAGE = YES_ERROR;
				CLANG_WARN_DOCUMENTATION_COMMENTS = YES;
				CLANG_WARN_EMPTY_BODY = YES;
				CLANG_WARN_ENUM_CONVERSION = YES;
				CLANG_WARN_INFINITE_RECURSION = YES;
				CLANG_WARN_INT_CONVERSION = YES;
				CLANG_WARN_NON_LITERAL_NULL_CONVERSION = YES;
				CLANG_WARN_OBJC_IMPLICIT_RETAIN_SELF = YES;
				CLANG_WARN_OBJC_LITERAL_CONVERSION = YES;
				CLANG_WARN_OBJC_ROOT_CLASS = YES_ERROR;
				CLANG_WARN_RANGE_LOOP_ANALYSIS = YES;
				CLANG_WARN_STRICT_PROTOTYPES = YES;
				CLANG_WARN_SUSPICIOUS_MOVE = YES;
				CLANG_WARN_UNGUARDED_AVAILABILITY = YES_AGGRESSIVE;
				CLANG_WARN_UNREACHABLE_CODE = YES;
				CLANG_WARN__DUPLICATE_METHOD_MATCH = YES;
				CODE_SIGN_IDENTITY = "iPhone Developer";
				COPY_PHASE_STRIP = NO;
				DEBUG_INFORMATION_FORMAT = "dwarf-with-dsym";
				ENABLE_NS_ASSERTIONS = NO;
				ENABLE_STRICT_OBJC_MSGSEND = YES;
				GCC_C_LANGUAGE_STANDARD = gnu11;
				GCC_NO_COMMON_BLOCKS = YES;
				GCC_WARN_64_TO_32_BIT_CONVERSION = YES;
				GCC_WARN_ABOUT_RETURN_TYPE = YES_ERROR;
				GCC_WARN_UNDECLARED_SELECTOR = YES;
				GCC_WARN_UNINITIALIZED_AUTOS = YES_AGGRESSIVE;
				GCC_WARN_UNUSED_FUNCTION = YES;
				GCC_WARN_UNUSED_VARIABLE = YES;
				IPHONEOS_DEPLOYMENT_TARGET = 11.0;
				MTL_ENABLE_DEBUG_INFO = NO;
				MTL_FAST_MATH = YES;
				SDKROOT = iphoneos;
				SWIFT_OPTIMIZATION_LEVEL = "-Owholemodule";
				VALIDATE_PRODUCT = YES;
			};
			name = Release;
		};
		8C7AAC63E82DCC43B1D05F9F /* Debug */ = {
			isa = XCBuildConfiguration;
			baseConfigurationReference = 96FCFAA20A7B572B5BC036FD /* Pods-ShareAndSki.debug.xcconfig */;
			buildSettings = {
				ASSETCATALOG_COMPILER_APPICON_NAME = AppIcon;
				INFOPLIST_FILE = ShareAndSki/Info.plist;
				LD_RUNPATH_SEARCH_PATHS = "$(inherited) @executable_path/Frameworks";
				PRODUCT_BUNDLE_IDENTIFIER = com.apolejDeveloper.ShareAndSki;
				PRODUCT_NAME = "$(TARGET_NAME)";
				SWIFT_VERSION = 4.2;
				TARGETED_DEVICE_FAMILY = "1,2";
			};
			name = Debug;
		};
/* End XCBuildConfiguration section */

/* Begin XCConfigurationList section */
		8C7AA1E419369764F9C45AE2 /* Build configuration list for PBXProject "ShareAndSki" */ = {
			isa = XCConfigurationList;
			buildConfigurations = (
				8C7AA2B4445E19A5A4CF5905 /* Debug */,
				8C7AA5704A8742224CA35BD4 /* Release */,
			);
			defaultConfigurationIsVisible = 0;
			defaultConfigurationName = Release;
		};
		8C7AAC2F88883BCEE57A41A4 /* Build configuration list for PBXNativeTarget "ShareAndSki" */ = {
			isa = XCConfigurationList;
			buildConfigurations = (
				8C7AAC63E82DCC43B1D05F9F /* Debug */,
				8C7AA2C0D399098708D96D25 /* Release */,
			);
			defaultConfigurationIsVisible = 0;
			defaultConfigurationName = Release;
		};
/* End XCConfigurationList section */
	};
	rootObject = 8C7AA976471065703E80E37B /* Project object */;
}
